// !$*UTF8*$!
{
	archiveVersion = 1;
	classes = {
	};
	objectVersion = 55;
	objects = {

/* Begin PBXBuildFile section */
		BD18AC96289CFC1900A1FEE4 /* TrendingService.swift in Sources */ = {isa = PBXBuildFile; fileRef = BDDF7760289CF5C10096196B /* TrendingService.swift */; };
		BD4C60D528B0D1AC00BB464E /* BaseTabBarController.swift in Sources */ = {isa = PBXBuildFile; fileRef = BD4C60D428B0D1AC00BB464E /* BaseTabBarController.swift */; };
		BD4C60D728B0D27200BB464E /* TabStyle.swift in Sources */ = {isa = PBXBuildFile; fileRef = BD4C60D628B0D27200BB464E /* TabStyle.swift */; };
		BD4C60D928B0D47F00BB464E /* MainTabBarController.swift in Sources */ = {isa = PBXBuildFile; fileRef = BD4C60D828B0D47F00BB464E /* MainTabBarController.swift */; };
		BD4C60DC28B0E16B00BB464E /* BaseViewController.swift in Sources */ = {isa = PBXBuildFile; fileRef = BD4C60DB28B0E16B00BB464E /* BaseViewController.swift */; };
		BD4C60DF28B0E63B00BB464E /* SceneManager.swift in Sources */ = {isa = PBXBuildFile; fileRef = BD4C60DE28B0E63B00BB464E /* SceneManager.swift */; };
		BD897D3D28A15595003F7B47 /* VideoViewController.storyboard in Resources */ = {isa = PBXBuildFile; fileRef = BD897D3C28A15595003F7B47 /* VideoViewController.storyboard */; };
		BD897D3F28A155B4003F7B47 /* VideoViewController.swift in Sources */ = {isa = PBXBuildFile; fileRef = BD897D3E28A155B4003F7B47 /* VideoViewController.swift */; };
		BD897D4228A16619003F7B47 /* DateFormatType.swift in Sources */ = {isa = PBXBuildFile; fileRef = BD897D4128A16619003F7B47 /* DateFormatType.swift */; };
		BD897D4428A16684003F7B47 /* Date+Extension.swift in Sources */ = {isa = PBXBuildFile; fileRef = BD897D4328A16684003F7B47 /* Date+Extension.swift */; };
		BD897D4628A166AB003F7B47 /* String+Extension.swift in Sources */ = {isa = PBXBuildFile; fileRef = BD897D4528A166AB003F7B47 /* String+Extension.swift */; };
		BDAA91B928A2917A00CB3848 /* HomeViewController.swift in Sources */ = {isa = PBXBuildFile; fileRef = BDAA91B828A2917A00CB3848 /* HomeViewController.swift */; };
		BDAA91BB28A2918A00CB3848 /* HomeViewController.storyboard in Resources */ = {isa = PBXBuildFile; fileRef = BDAA91BA28A2918A00CB3848 /* HomeViewController.storyboard */; };
		BDAA91C328A2921E00CB3848 /* MainBannerView.swift in Sources */ = {isa = PBXBuildFile; fileRef = BDAA91C228A2921E00CB3848 /* MainBannerView.swift */; };
		BDAA91C528A2922600CB3848 /* MainBannerView.xib in Resources */ = {isa = PBXBuildFile; fileRef = BDAA91C428A2922600CB3848 /* MainBannerView.xib */; };
		BDAA91C828A2934600CB3848 /* MediaCollectionViewCell.swift in Sources */ = {isa = PBXBuildFile; fileRef = BDAA91C628A2934600CB3848 /* MediaCollectionViewCell.swift */; };
		BDAA91C928A2934600CB3848 /* MediaCollectionViewCell.xib in Resources */ = {isa = PBXBuildFile; fileRef = BDAA91C728A2934600CB3848 /* MediaCollectionViewCell.xib */; };
		BDAA91CE28A2938000CB3848 /* MediaSectionTableViewCell.swift in Sources */ = {isa = PBXBuildFile; fileRef = BDAA91CC28A2938000CB3848 /* MediaSectionTableViewCell.swift */; };
		BDAA91CF28A2938000CB3848 /* MediaSectionTableViewCell.xib in Resources */ = {isa = PBXBuildFile; fileRef = BDAA91CD28A2938000CB3848 /* MediaSectionTableViewCell.xib */; };
		BDAD2D3728A3EA6B004ED9A2 /* Popular.swift in Sources */ = {isa = PBXBuildFile; fileRef = BDAD2D3628A3EA6B004ED9A2 /* Popular.swift */; };
		BDAD2D3928A3EA71004ED9A2 /* TopRated.swift in Sources */ = {isa = PBXBuildFile; fileRef = BDAD2D3828A3EA71004ED9A2 /* TopRated.swift */; };
		BDAD2D3B28A3F1B5004ED9A2 /* Upcoming.swift in Sources */ = {isa = PBXBuildFile; fileRef = BDAD2D3A28A3F1B5004ED9A2 /* Upcoming.swift */; };
		BDBA189128A7B04D001F2ABA /* CinemaViewController.storyboard in Resources */ = {isa = PBXBuildFile; fileRef = BDBA189028A7B04D001F2ABA /* CinemaViewController.storyboard */; };
		BDBA189328A7B057001F2ABA /* CinemaViewController.swift in Sources */ = {isa = PBXBuildFile; fileRef = BDBA189228A7B057001F2ABA /* CinemaViewController.swift */; };
		BDBA189628A7D497001F2ABA /* Theater.swift in Sources */ = {isa = PBXBuildFile; fileRef = BDBA189528A7D497001F2ABA /* Theater.swift */; };
		BDC26ECF289D2F62005C2449 /* TrendCollectionViewDataSource.swift in Sources */ = {isa = PBXBuildFile; fileRef = BDC26ECE289D2F62005C2449 /* TrendCollectionViewDataSource.swift */; };
		BDC26ED1289D30A1005C2449 /* TrendCollectionViewDelegate.swift in Sources */ = {isa = PBXBuildFile; fileRef = BDC26ED0289D30A1005C2449 /* TrendCollectionViewDelegate.swift */; };
		BDC26ED3289D3C50005C2449 /* MovieService.swift in Sources */ = {isa = PBXBuildFile; fileRef = BDC26ED2289D3C50005C2449 /* MovieService.swift */; };
		BDCEFC4D28B220E200EE0439 /* Secrets.xcconfig in Resources */ = {isa = PBXBuildFile; fileRef = BDCEFC4C28B220E200EE0439 /* Secrets.xcconfig */; };
		BDCEFC5628B2220A00EE0439 /* MediaSsok_Core.h in Headers */ = {isa = PBXBuildFile; fileRef = BDCEFC5528B2220A00EE0439 /* MediaSsok_Core.h */; settings = {ATTRIBUTES = (Public, ); }; };
		BDCEFC5928B2220A00EE0439 /* MediaSsok_Core.framework in Frameworks */ = {isa = PBXBuildFile; fileRef = BDCEFC5328B2220A00EE0439 /* MediaSsok_Core.framework */; };
		BDCEFC5A28B2220A00EE0439 /* MediaSsok_Core.framework in Embed Frameworks */ = {isa = PBXBuildFile; fileRef = BDCEFC5328B2220A00EE0439 /* MediaSsok_Core.framework */; settings = {ATTRIBUTES = (CodeSignOnCopy, RemoveHeadersOnCopy, ); }; };
		BDCEFC6028B2233800EE0439 /* Logger.swift in Sources */ = {isa = PBXBuildFile; fileRef = BDCEFC5F28B2233800EE0439 /* Logger.swift */; };
		BDCEFC6328B2264000EE0439 /* String+.swift in Sources */ = {isa = PBXBuildFile; fileRef = BDCEFC6228B2264000EE0439 /* String+.swift */; };
		BDCEFC6C28B22A7A00EE0439 /* MediaSsok_UIKit.h in Headers */ = {isa = PBXBuildFile; fileRef = BDCEFC6B28B22A7A00EE0439 /* MediaSsok_UIKit.h */; settings = {ATTRIBUTES = (Public, ); }; };
		BDCEFC6F28B22A7A00EE0439 /* MediaSsok_UIKit.framework in Frameworks */ = {isa = PBXBuildFile; fileRef = BDCEFC6928B22A7A00EE0439 /* MediaSsok_UIKit.framework */; };
		BDCEFC7028B22A7A00EE0439 /* MediaSsok_UIKit.framework in Embed Frameworks */ = {isa = PBXBuildFile; fileRef = BDCEFC6928B22A7A00EE0439 /* MediaSsok_UIKit.framework */; settings = {ATTRIBUTES = (CodeSignOnCopy, RemoveHeadersOnCopy, ); }; };
		BDCEFC7628B22EEA00EE0439 /* Reusable.swift in Sources */ = {isa = PBXBuildFile; fileRef = BDCEFC7528B22EEA00EE0439 /* Reusable.swift */; };
		BDCEFC7928B24C5500EE0439 /* IntroPageViewController.swift in Sources */ = {isa = PBXBuildFile; fileRef = BDCEFC7828B24C5500EE0439 /* IntroPageViewController.swift */; };
		BDCEFC7B28B24C7200EE0439 /* FirstContentViewController.swift in Sources */ = {isa = PBXBuildFile; fileRef = BDCEFC7A28B24C7200EE0439 /* FirstContentViewController.swift */; };
		BDCEFC7D28B24C7B00EE0439 /* SecondContentViewController.swift in Sources */ = {isa = PBXBuildFile; fileRef = BDCEFC7C28B24C7B00EE0439 /* SecondContentViewController.swift */; };
		BDCEFC7F28B24C8200EE0439 /* ThirdContentViewController.swift in Sources */ = {isa = PBXBuildFile; fileRef = BDCEFC7E28B24C8200EE0439 /* ThirdContentViewController.swift */; };
		BDDF76EC289A6E6A0096196B /* AppDelegate.swift in Sources */ = {isa = PBXBuildFile; fileRef = BDDF76EB289A6E6A0096196B /* AppDelegate.swift */; };
		BDDF76EE289A6E6A0096196B /* SceneDelegate.swift in Sources */ = {isa = PBXBuildFile; fileRef = BDDF76ED289A6E6A0096196B /* SceneDelegate.swift */; };
		BDDF76F3289A6E6A0096196B /* Main.storyboard in Resources */ = {isa = PBXBuildFile; fileRef = BDDF76F1289A6E6A0096196B /* Main.storyboard */; };
		BDDF76F5289A6E6C0096196B /* Assets.xcassets in Resources */ = {isa = PBXBuildFile; fileRef = BDDF76F4289A6E6C0096196B /* Assets.xcassets */; };
		BDDF76F8289A6E6C0096196B /* LaunchScreen.storyboard in Resources */ = {isa = PBXBuildFile; fileRef = BDDF76F6289A6E6C0096196B /* LaunchScreen.storyboard */; };
		BDDF7705289A74110096196B /* TrendViewController.swift in Sources */ = {isa = PBXBuildFile; fileRef = BDDF7704289A74110096196B /* TrendViewController.swift */; };
		BDDF7714289A770F0096196B /* Alamofire in Frameworks */ = {isa = PBXBuildFile; productRef = BDDF7713289A770F0096196B /* Alamofire */; };
		BDDF7717289A77210096196B /* SwiftyJSON in Frameworks */ = {isa = PBXBuildFile; productRef = BDDF7716289A77210096196B /* SwiftyJSON */; };
		BDDF771C289A7FD80096196B /* Keys.swift in Sources */ = {isa = PBXBuildFile; fileRef = BDDF771B289A7FD80096196B /* Keys.swift */; };
		BDDF772D289AD8A10096196B /* TrendViewController.storyboard in Resources */ = {isa = PBXBuildFile; fileRef = BDDF772C289AD8A10096196B /* TrendViewController.storyboard */; };
		BDDF7732289AD94C0096196B /* TrendMovieCollectionViewCell.swift in Sources */ = {isa = PBXBuildFile; fileRef = BDDF7730289AD94C0096196B /* TrendMovieCollectionViewCell.swift */; };
		BDDF7733289AD94C0096196B /* TrendMovieCollectionViewCell.xib in Resources */ = {isa = PBXBuildFile; fileRef = BDDF7731289AD94C0096196B /* TrendMovieCollectionViewCell.xib */; };
		BDDF7735289AE5C40096196B /* Constants.swift in Sources */ = {isa = PBXBuildFile; fileRef = BDDF7734289AE5C40096196B /* Constants.swift */; };
		BDDF7737289AE7EC0096196B /* Media.swift in Sources */ = {isa = PBXBuildFile; fileRef = BDDF7736289AE7EC0096196B /* Media.swift */; };
		BDDF773A289AEA8F0096196B /* Kingfisher in Frameworks */ = {isa = PBXBuildFile; productRef = BDDF7739289AEA8F0096196B /* Kingfisher */; };
		BDDF7741289BDA480096196B /* DetailViewController.storyboard in Resources */ = {isa = PBXBuildFile; fileRef = BDDF7740289BDA480096196B /* DetailViewController.storyboard */; };
		BDDF7743289BDA540096196B /* DetailViewController.swift in Sources */ = {isa = PBXBuildFile; fileRef = BDDF7742289BDA540096196B /* DetailViewController.swift */; };
		BDDF7746289BDD9E0096196B /* PersonCell.swift in Sources */ = {isa = PBXBuildFile; fileRef = BDDF7745289BDD9E0096196B /* PersonCell.swift */; };
		BDDF7748289BDDC10096196B /* OverviewCell.swift in Sources */ = {isa = PBXBuildFile; fileRef = BDDF7747289BDDC10096196B /* OverviewCell.swift */; };
		BDDF774A289BDFCC0096196B /* DetailTableViewDataSource.swift in Sources */ = {isa = PBXBuildFile; fileRef = BDDF7749289BDFCC0096196B /* DetailTableViewDataSource.swift */; };
		BDDF774C289BE0DB0096196B /* DetailTableViewDelegate.swift in Sources */ = {isa = PBXBuildFile; fileRef = BDDF774B289BE0DB0096196B /* DetailTableViewDelegate.swift */; };
		BDDF775F289CF0C20096196B /* URL.swift in Sources */ = {isa = PBXBuildFile; fileRef = BDDF775E289CF0C20096196B /* URL.swift */; };
/* End PBXBuildFile section */

/* Begin PBXContainerItemProxy section */
		BDCEFC5728B2220A00EE0439 /* PBXContainerItemProxy */ = {
			isa = PBXContainerItemProxy;
			containerPortal = BDDF76E0289A6E6A0096196B /* Project object */;
			proxyType = 1;
			remoteGlobalIDString = BDCEFC5228B2220A00EE0439;
			remoteInfo = "MediaSsok-Core";
		};
		BDCEFC6D28B22A7A00EE0439 /* PBXContainerItemProxy */ = {
			isa = PBXContainerItemProxy;
			containerPortal = BDDF76E0289A6E6A0096196B /* Project object */;
			proxyType = 1;
			remoteGlobalIDString = BDCEFC6828B22A7A00EE0439;
			remoteInfo = "MediaSsok-UIKit";
		};
/* End PBXContainerItemProxy section */

/* Begin PBXCopyFilesBuildPhase section */
		BDCEFC5E28B2220A00EE0439 /* Embed Frameworks */ = {
			isa = PBXCopyFilesBuildPhase;
			buildActionMask = 2147483647;
			dstPath = "";
			dstSubfolderSpec = 10;
			files = (
				BDCEFC7028B22A7A00EE0439 /* MediaSsok_UIKit.framework in Embed Frameworks */,
				BDCEFC5A28B2220A00EE0439 /* MediaSsok_Core.framework in Embed Frameworks */,
			);
			name = "Embed Frameworks";
			runOnlyForDeploymentPostprocessing = 0;
		};
/* End PBXCopyFilesBuildPhase section */

/* Begin PBXFileReference section */
		BD4C60D428B0D1AC00BB464E /* BaseTabBarController.swift */ = {isa = PBXFileReference; lastKnownFileType = sourcecode.swift; path = BaseTabBarController.swift; sourceTree = "<group>"; };
		BD4C60D628B0D27200BB464E /* TabStyle.swift */ = {isa = PBXFileReference; lastKnownFileType = sourcecode.swift; path = TabStyle.swift; sourceTree = "<group>"; };
		BD4C60D828B0D47F00BB464E /* MainTabBarController.swift */ = {isa = PBXFileReference; lastKnownFileType = sourcecode.swift; path = MainTabBarController.swift; sourceTree = "<group>"; };
		BD4C60DB28B0E16B00BB464E /* BaseViewController.swift */ = {isa = PBXFileReference; lastKnownFileType = sourcecode.swift; path = BaseViewController.swift; sourceTree = "<group>"; };
		BD4C60DE28B0E63B00BB464E /* SceneManager.swift */ = {isa = PBXFileReference; lastKnownFileType = sourcecode.swift; path = SceneManager.swift; sourceTree = "<group>"; };
		BD897D3C28A15595003F7B47 /* VideoViewController.storyboard */ = {isa = PBXFileReference; lastKnownFileType = file.storyboard; path = VideoViewController.storyboard; sourceTree = "<group>"; };
		BD897D3E28A155B4003F7B47 /* VideoViewController.swift */ = {isa = PBXFileReference; lastKnownFileType = sourcecode.swift; path = VideoViewController.swift; sourceTree = "<group>"; };
		BD897D4128A16619003F7B47 /* DateFormatType.swift */ = {isa = PBXFileReference; lastKnownFileType = sourcecode.swift; path = DateFormatType.swift; sourceTree = "<group>"; };
		BD897D4328A16684003F7B47 /* Date+Extension.swift */ = {isa = PBXFileReference; lastKnownFileType = sourcecode.swift; path = "Date+Extension.swift"; sourceTree = "<group>"; };
		BD897D4528A166AB003F7B47 /* String+Extension.swift */ = {isa = PBXFileReference; lastKnownFileType = sourcecode.swift; path = "String+Extension.swift"; sourceTree = "<group>"; };
		BDAA91B828A2917A00CB3848 /* HomeViewController.swift */ = {isa = PBXFileReference; lastKnownFileType = sourcecode.swift; path = HomeViewController.swift; sourceTree = "<group>"; };
		BDAA91BA28A2918A00CB3848 /* HomeViewController.storyboard */ = {isa = PBXFileReference; lastKnownFileType = file.storyboard; path = HomeViewController.storyboard; sourceTree = "<group>"; };
		BDAA91C228A2921E00CB3848 /* MainBannerView.swift */ = {isa = PBXFileReference; lastKnownFileType = sourcecode.swift; path = MainBannerView.swift; sourceTree = "<group>"; };
		BDAA91C428A2922600CB3848 /* MainBannerView.xib */ = {isa = PBXFileReference; lastKnownFileType = file.xib; path = MainBannerView.xib; sourceTree = "<group>"; };
		BDAA91C628A2934600CB3848 /* MediaCollectionViewCell.swift */ = {isa = PBXFileReference; lastKnownFileType = sourcecode.swift; path = MediaCollectionViewCell.swift; sourceTree = "<group>"; };
		BDAA91C728A2934600CB3848 /* MediaCollectionViewCell.xib */ = {isa = PBXFileReference; lastKnownFileType = file.xib; path = MediaCollectionViewCell.xib; sourceTree = "<group>"; };
		BDAA91CC28A2938000CB3848 /* MediaSectionTableViewCell.swift */ = {isa = PBXFileReference; lastKnownFileType = sourcecode.swift; path = MediaSectionTableViewCell.swift; sourceTree = "<group>"; };
		BDAA91CD28A2938000CB3848 /* MediaSectionTableViewCell.xib */ = {isa = PBXFileReference; lastKnownFileType = file.xib; path = MediaSectionTableViewCell.xib; sourceTree = "<group>"; };
		BDAD2D3628A3EA6B004ED9A2 /* Popular.swift */ = {isa = PBXFileReference; lastKnownFileType = sourcecode.swift; path = Popular.swift; sourceTree = "<group>"; };
		BDAD2D3828A3EA71004ED9A2 /* TopRated.swift */ = {isa = PBXFileReference; lastKnownFileType = sourcecode.swift; path = TopRated.swift; sourceTree = "<group>"; };
		BDAD2D3A28A3F1B5004ED9A2 /* Upcoming.swift */ = {isa = PBXFileReference; lastKnownFileType = sourcecode.swift; path = Upcoming.swift; sourceTree = "<group>"; };
		BDBA189028A7B04D001F2ABA /* CinemaViewController.storyboard */ = {isa = PBXFileReference; lastKnownFileType = file.storyboard; path = CinemaViewController.storyboard; sourceTree = "<group>"; };
		BDBA189228A7B057001F2ABA /* CinemaViewController.swift */ = {isa = PBXFileReference; lastKnownFileType = sourcecode.swift; path = CinemaViewController.swift; sourceTree = "<group>"; };
		BDBA189528A7D497001F2ABA /* Theater.swift */ = {isa = PBXFileReference; lastKnownFileType = sourcecode.swift; path = Theater.swift; sourceTree = "<group>"; };
		BDC26ECE289D2F62005C2449 /* TrendCollectionViewDataSource.swift */ = {isa = PBXFileReference; lastKnownFileType = sourcecode.swift; path = TrendCollectionViewDataSource.swift; sourceTree = "<group>"; };
		BDC26ED0289D30A1005C2449 /* TrendCollectionViewDelegate.swift */ = {isa = PBXFileReference; lastKnownFileType = sourcecode.swift; path = TrendCollectionViewDelegate.swift; sourceTree = "<group>"; };
		BDC26ED2289D3C50005C2449 /* MovieService.swift */ = {isa = PBXFileReference; lastKnownFileType = sourcecode.swift; path = MovieService.swift; sourceTree = "<group>"; };
		BDCEFC4C28B220E200EE0439 /* Secrets.xcconfig */ = {isa = PBXFileReference; lastKnownFileType = text.xcconfig; path = Secrets.xcconfig; sourceTree = "<group>"; };
		BDCEFC5328B2220A00EE0439 /* MediaSsok_Core.framework */ = {isa = PBXFileReference; explicitFileType = wrapper.framework; includeInIndex = 0; path = MediaSsok_Core.framework; sourceTree = BUILT_PRODUCTS_DIR; };
		BDCEFC5528B2220A00EE0439 /* MediaSsok_Core.h */ = {isa = PBXFileReference; lastKnownFileType = sourcecode.c.h; path = MediaSsok_Core.h; sourceTree = "<group>"; };
		BDCEFC5F28B2233800EE0439 /* Logger.swift */ = {isa = PBXFileReference; lastKnownFileType = sourcecode.swift; path = Logger.swift; sourceTree = "<group>"; };
		BDCEFC6228B2264000EE0439 /* String+.swift */ = {isa = PBXFileReference; lastKnownFileType = sourcecode.swift; path = "String+.swift"; sourceTree = "<group>"; };
		BDCEFC6928B22A7A00EE0439 /* MediaSsok_UIKit.framework */ = {isa = PBXFileReference; explicitFileType = wrapper.framework; includeInIndex = 0; path = MediaSsok_UIKit.framework; sourceTree = BUILT_PRODUCTS_DIR; };
		BDCEFC6B28B22A7A00EE0439 /* MediaSsok_UIKit.h */ = {isa = PBXFileReference; lastKnownFileType = sourcecode.c.h; path = MediaSsok_UIKit.h; sourceTree = "<group>"; };
		BDCEFC7528B22EEA00EE0439 /* Reusable.swift */ = {isa = PBXFileReference; lastKnownFileType = sourcecode.swift; path = Reusable.swift; sourceTree = "<group>"; };
		BDCEFC7828B24C5500EE0439 /* IntroPageViewController.swift */ = {isa = PBXFileReference; lastKnownFileType = sourcecode.swift; path = IntroPageViewController.swift; sourceTree = "<group>"; };
		BDCEFC7A28B24C7200EE0439 /* FirstContentViewController.swift */ = {isa = PBXFileReference; lastKnownFileType = sourcecode.swift; path = FirstContentViewController.swift; sourceTree = "<group>"; };
		BDCEFC7C28B24C7B00EE0439 /* SecondContentViewController.swift */ = {isa = PBXFileReference; lastKnownFileType = sourcecode.swift; path = SecondContentViewController.swift; sourceTree = "<group>"; };
		BDCEFC7E28B24C8200EE0439 /* ThirdContentViewController.swift */ = {isa = PBXFileReference; lastKnownFileType = sourcecode.swift; path = ThirdContentViewController.swift; sourceTree = "<group>"; };
		BDDF76E8289A6E6A0096196B /* MediaSsok.app */ = {isa = PBXFileReference; explicitFileType = wrapper.application; includeInIndex = 0; path = MediaSsok.app; sourceTree = BUILT_PRODUCTS_DIR; };
		BDDF76EB289A6E6A0096196B /* AppDelegate.swift */ = {isa = PBXFileReference; lastKnownFileType = sourcecode.swift; path = AppDelegate.swift; sourceTree = "<group>"; };
		BDDF76ED289A6E6A0096196B /* SceneDelegate.swift */ = {isa = PBXFileReference; lastKnownFileType = sourcecode.swift; path = SceneDelegate.swift; sourceTree = "<group>"; };
		BDDF76F2289A6E6A0096196B /* Base */ = {isa = PBXFileReference; lastKnownFileType = file.storyboard; name = Base; path = Base.lproj/Main.storyboard; sourceTree = "<group>"; };
		BDDF76F4289A6E6C0096196B /* Assets.xcassets */ = {isa = PBXFileReference; lastKnownFileType = folder.assetcatalog; path = Assets.xcassets; sourceTree = "<group>"; };
		BDDF76F7289A6E6C0096196B /* Base */ = {isa = PBXFileReference; lastKnownFileType = file.storyboard; name = Base; path = Base.lproj/LaunchScreen.storyboard; sourceTree = "<group>"; };
		BDDF76F9289A6E6C0096196B /* Info.plist */ = {isa = PBXFileReference; lastKnownFileType = text.plist.xml; path = Info.plist; sourceTree = "<group>"; };
		BDDF7704289A74110096196B /* TrendViewController.swift */ = {isa = PBXFileReference; lastKnownFileType = sourcecode.swift; path = TrendViewController.swift; sourceTree = "<group>"; };
		BDDF7707289A75510096196B /* .gitkeep */ = {isa = PBXFileReference; lastKnownFileType = text; path = .gitkeep; sourceTree = "<group>"; };
		BDDF770E289A75C50096196B /* .gitkeep */ = {isa = PBXFileReference; lastKnownFileType = text; path = .gitkeep; sourceTree = "<group>"; };
		BDDF771B289A7FD80096196B /* Keys.swift */ = {isa = PBXFileReference; lastKnownFileType = sourcecode.swift; path = Keys.swift; sourceTree = "<group>"; };
		BDDF772C289AD8A10096196B /* TrendViewController.storyboard */ = {isa = PBXFileReference; lastKnownFileType = file.storyboard; path = TrendViewController.storyboard; sourceTree = "<group>"; };
		BDDF7730289AD94C0096196B /* TrendMovieCollectionViewCell.swift */ = {isa = PBXFileReference; lastKnownFileType = sourcecode.swift; path = TrendMovieCollectionViewCell.swift; sourceTree = "<group>"; };
		BDDF7731289AD94C0096196B /* TrendMovieCollectionViewCell.xib */ = {isa = PBXFileReference; lastKnownFileType = file.xib; path = TrendMovieCollectionViewCell.xib; sourceTree = "<group>"; };
		BDDF7734289AE5C40096196B /* Constants.swift */ = {isa = PBXFileReference; lastKnownFileType = sourcecode.swift; path = Constants.swift; sourceTree = "<group>"; };
		BDDF7736289AE7EC0096196B /* Media.swift */ = {isa = PBXFileReference; lastKnownFileType = sourcecode.swift; path = Media.swift; sourceTree = "<group>"; };
		BDDF7740289BDA480096196B /* DetailViewController.storyboard */ = {isa = PBXFileReference; lastKnownFileType = file.storyboard; path = DetailViewController.storyboard; sourceTree = "<group>"; };
		BDDF7742289BDA540096196B /* DetailViewController.swift */ = {isa = PBXFileReference; lastKnownFileType = sourcecode.swift; path = DetailViewController.swift; sourceTree = "<group>"; };
		BDDF7745289BDD9E0096196B /* PersonCell.swift */ = {isa = PBXFileReference; lastKnownFileType = sourcecode.swift; path = PersonCell.swift; sourceTree = "<group>"; };
		BDDF7747289BDDC10096196B /* OverviewCell.swift */ = {isa = PBXFileReference; lastKnownFileType = sourcecode.swift; path = OverviewCell.swift; sourceTree = "<group>"; };
		BDDF7749289BDFCC0096196B /* DetailTableViewDataSource.swift */ = {isa = PBXFileReference; lastKnownFileType = sourcecode.swift; path = DetailTableViewDataSource.swift; sourceTree = "<group>"; };
		BDDF774B289BE0DB0096196B /* DetailTableViewDelegate.swift */ = {isa = PBXFileReference; lastKnownFileType = sourcecode.swift; path = DetailTableViewDelegate.swift; sourceTree = "<group>"; };
		BDDF775E289CF0C20096196B /* URL.swift */ = {isa = PBXFileReference; lastKnownFileType = sourcecode.swift; path = URL.swift; sourceTree = "<group>"; };
		BDDF7760289CF5C10096196B /* TrendingService.swift */ = {isa = PBXFileReference; lastKnownFileType = sourcecode.swift; path = TrendingService.swift; sourceTree = "<group>"; };
/* End PBXFileReference section */

/* Begin PBXFrameworksBuildPhase section */
		BDCEFC5028B2220A00EE0439 /* Frameworks */ = {
			isa = PBXFrameworksBuildPhase;
			buildActionMask = 2147483647;
			files = (
			);
			runOnlyForDeploymentPostprocessing = 0;
		};
		BDCEFC6628B22A7A00EE0439 /* Frameworks */ = {
			isa = PBXFrameworksBuildPhase;
			buildActionMask = 2147483647;
			files = (
			);
			runOnlyForDeploymentPostprocessing = 0;
		};
		BDDF76E5289A6E6A0096196B /* Frameworks */ = {
			isa = PBXFrameworksBuildPhase;
			buildActionMask = 2147483647;
			files = (
				BDCEFC5928B2220A00EE0439 /* MediaSsok_Core.framework in Frameworks */,
				BDDF773A289AEA8F0096196B /* Kingfisher in Frameworks */,
				BDCEFC6F28B22A7A00EE0439 /* MediaSsok_UIKit.framework in Frameworks */,
				BDDF7717289A77210096196B /* SwiftyJSON in Frameworks */,
				BDDF7714289A770F0096196B /* Alamofire in Frameworks */,
			);
			runOnlyForDeploymentPostprocessing = 0;
		};
/* End PBXFrameworksBuildPhase section */

/* Begin PBXGroup section */
		BD4C60D328B0D19B00BB464E /* TabBar */ = {
			isa = PBXGroup;
			children = (
				BD4C60D428B0D1AC00BB464E /* BaseTabBarController.swift */,
				BD4C60D628B0D27200BB464E /* TabStyle.swift */,
				BD4C60D828B0D47F00BB464E /* MainTabBarController.swift */,
			);
			path = TabBar;
			sourceTree = "<group>";
		};
		BD4C60DA28B0E16100BB464E /* Base */ = {
			isa = PBXGroup;
			children = (
				BD4C60DB28B0E16B00BB464E /* BaseViewController.swift */,
			);
			path = Base;
			sourceTree = "<group>";
		};
		BD4C60DD28B0E63300BB464E /* Manager */ = {
			isa = PBXGroup;
			children = (
				BD4C60DE28B0E63B00BB464E /* SceneManager.swift */,
			);
			path = Manager;
			sourceTree = "<group>";
		};
		BD897D3B28A1557B003F7B47 /* Video */ = {
			isa = PBXGroup;
			children = (
				BD897D3C28A15595003F7B47 /* VideoViewController.storyboard */,
				BD897D3E28A155B4003F7B47 /* VideoViewController.swift */,
			);
			path = Video;
			sourceTree = "<group>";
		};
		BDAA91B428A2914E00CB3848 /* Home */ = {
			isa = PBXGroup;
			children = (
				BDAA91B728A2915F00CB3848 /* View */,
				BDAA91B628A2915B00CB3848 /* Cell */,
				BDAA91B528A2915800CB3848 /* Controller */,
			);
			path = Home;
			sourceTree = "<group>";
		};
		BDAA91B528A2915800CB3848 /* Controller */ = {
			isa = PBXGroup;
			children = (
				BDAA91B828A2917A00CB3848 /* HomeViewController.swift */,
				BDAA91BA28A2918A00CB3848 /* HomeViewController.storyboard */,
			);
			path = Controller;
			sourceTree = "<group>";
		};
		BDAA91B628A2915B00CB3848 /* Cell */ = {
			isa = PBXGroup;
			children = (
				BDAA91CB28A2935B00CB3848 /* TableViewCell */,
				BDAA91CA28A2934D00CB3848 /* CollectionViewCell */,
			);
			path = Cell;
			sourceTree = "<group>";
		};
		BDAA91B728A2915F00CB3848 /* View */ = {
			isa = PBXGroup;
			children = (
				BDAA91BC28A291D500CB3848 /* MainBannerView */,
			);
			path = View;
			sourceTree = "<group>";
		};
		BDAA91BC28A291D500CB3848 /* MainBannerView */ = {
			isa = PBXGroup;
			children = (
				BDAA91C228A2921E00CB3848 /* MainBannerView.swift */,
				BDAA91C428A2922600CB3848 /* MainBannerView.xib */,
			);
			path = MainBannerView;
			sourceTree = "<group>";
		};
		BDAA91CA28A2934D00CB3848 /* CollectionViewCell */ = {
			isa = PBXGroup;
			children = (
				BDAA91C628A2934600CB3848 /* MediaCollectionViewCell.swift */,
				BDAA91C728A2934600CB3848 /* MediaCollectionViewCell.xib */,
			);
			path = CollectionViewCell;
			sourceTree = "<group>";
		};
		BDAA91CB28A2935B00CB3848 /* TableViewCell */ = {
			isa = PBXGroup;
			children = (
				BDAA91CC28A2938000CB3848 /* MediaSectionTableViewCell.swift */,
				BDAA91CD28A2938000CB3848 /* MediaSectionTableViewCell.xib */,
			);
			path = TableViewCell;
			sourceTree = "<group>";
		};
		BDBA188F28A7B025001F2ABA /* Cinema */ = {
			isa = PBXGroup;
			children = (
				BDBA189428A7B0DA001F2ABA /* Controller */,
			);
			path = Cinema;
			sourceTree = "<group>";
		};
		BDBA189428A7B0DA001F2ABA /* Controller */ = {
			isa = PBXGroup;
			children = (
				BDBA189028A7B04D001F2ABA /* CinemaViewController.storyboard */,
				BDBA189228A7B057001F2ABA /* CinemaViewController.swift */,
			);
			path = Controller;
			sourceTree = "<group>";
		};
		BDCEFC5428B2220A00EE0439 /* MediaSsok-Core */ = {
			isa = PBXGroup;
			children = (
				BDCEFC7428B22E9300EE0439 /* UIKit+ */,
				BDCEFC6128B2263400EE0439 /* Foundation+ */,
				BDCEFC5528B2220A00EE0439 /* MediaSsok_Core.h */,
				BDCEFC5F28B2233800EE0439 /* Logger.swift */,
			);
			path = "MediaSsok-Core";
			sourceTree = "<group>";
		};
		BDCEFC6128B2263400EE0439 /* Foundation+ */ = {
			isa = PBXGroup;
			children = (
				BDCEFC6228B2264000EE0439 /* String+.swift */,
			);
			path = "Foundation+";
			sourceTree = "<group>";
		};
		BDCEFC6A28B22A7A00EE0439 /* MediaSsok-UIKit */ = {
			isa = PBXGroup;
			children = (
				BDCEFC6B28B22A7A00EE0439 /* MediaSsok_UIKit.h */,
			);
			path = "MediaSsok-UIKit";
			sourceTree = "<group>";
		};
		BDCEFC7428B22E9300EE0439 /* UIKit+ */ = {
			isa = PBXGroup;
			children = (
				BDCEFC7528B22EEA00EE0439 /* Reusable.swift */,
			);
			path = "UIKit+";
			sourceTree = "<group>";
		};
		BDCEFC7728B24C1300EE0439 /* Intro */ = {
			isa = PBXGroup;
			children = (
				BDCEFC7828B24C5500EE0439 /* IntroPageViewController.swift */,
				BDCEFC7A28B24C7200EE0439 /* FirstContentViewController.swift */,
				BDCEFC7C28B24C7B00EE0439 /* SecondContentViewController.swift */,
				BDCEFC7E28B24C8200EE0439 /* ThirdContentViewController.swift */,
			);
			path = Intro;
			sourceTree = "<group>";
		};
		BDDF76DF289A6E6A0096196B = {
			isa = PBXGroup;
			children = (
				BDDF76EA289A6E6A0096196B /* MediaSsok */,
				BDCEFC5428B2220A00EE0439 /* MediaSsok-Core */,
				BDCEFC6A28B22A7A00EE0439 /* MediaSsok-UIKit */,
				BDDF76E9289A6E6A0096196B /* Products */,
			);
			sourceTree = "<group>";
		};
		BDDF76E9289A6E6A0096196B /* Products */ = {
			isa = PBXGroup;
			children = (
				BDDF76E8289A6E6A0096196B /* MediaSsok.app */,
				BDCEFC5328B2220A00EE0439 /* MediaSsok_Core.framework */,
				BDCEFC6928B22A7A00EE0439 /* MediaSsok_UIKit.framework */,
			);
			name = Products;
			sourceTree = "<group>";
		};
		BDDF76EA289A6E6A0096196B /* MediaSsok */ = {
			isa = PBXGroup;
			children = (
				BDDF76FF289A72760096196B /* Application */,
				BDDF7709289A75700096196B /* Common */,
				BDDF7701289A72D80096196B /* Configuration */,
				BDDF770A289A757E0096196B /* Data */,
				BDDF770B289A759C0096196B /* Network */,
				BDDF7700289A72820096196B /* Resource */,
				BDDF7702289A73410096196B /* Scene */,
				BDDF7706289A75320096196B /* Utils */,
			);
			path = MediaSsok;
			sourceTree = "<group>";
		};
		BDDF76FF289A72760096196B /* Application */ = {
			isa = PBXGroup;
			children = (
				BDDF76EB289A6E6A0096196B /* AppDelegate.swift */,
				BDDF76ED289A6E6A0096196B /* SceneDelegate.swift */,
			);
			path = Application;
			sourceTree = "<group>";
		};
		BDDF7700289A72820096196B /* Resource */ = {
			isa = PBXGroup;
			children = (
				BDDF76F1289A6E6A0096196B /* Main.storyboard */,
				BDDF76F6289A6E6C0096196B /* LaunchScreen.storyboard */,
				BDDF76F4289A6E6C0096196B /* Assets.xcassets */,
			);
			path = Resource;
			sourceTree = "<group>";
		};
		BDDF7701289A72D80096196B /* Configuration */ = {
			isa = PBXGroup;
			children = (
				BDDF76F9289A6E6C0096196B /* Info.plist */,
				BDCEFC4C28B220E200EE0439 /* Secrets.xcconfig */,
				BDDF771B289A7FD80096196B /* Keys.swift */,
			);
			path = Configuration;
			sourceTree = "<group>";
		};
		BDDF7702289A73410096196B /* Scene */ = {
			isa = PBXGroup;
			children = (
				BDCEFC7728B24C1300EE0439 /* Intro */,
				BD4C60D328B0D19B00BB464E /* TabBar */,
				BDDF773E289BDA300096196B /* Detail */,
				BDAA91B428A2914E00CB3848 /* Home */,
				BDBA188F28A7B025001F2ABA /* Cinema */,
				BDDF7703289A73DD0096196B /* Trend */,
				BD897D3B28A1557B003F7B47 /* Video */,
			);
			path = Scene;
			sourceTree = "<group>";
		};
		BDDF7703289A73DD0096196B /* Trend */ = {
			isa = PBXGroup;
			children = (
				BDDF772F289AD9320096196B /* Cell */,
				BDDF772E289AD8A60096196B /* Controller */,
			);
			path = Trend;
			sourceTree = "<group>";
		};
		BDDF7706289A75320096196B /* Utils */ = {
			isa = PBXGroup;
			children = (
				BDDF7707289A75510096196B /* .gitkeep */,
			);
			path = Utils;
			sourceTree = "<group>";
		};
		BDDF7709289A75700096196B /* Common */ = {
			isa = PBXGroup;
			children = (
				BD4C60DD28B0E63300BB464E /* Manager */,
				BD4C60DA28B0E16100BB464E /* Base */,
				BDDF7734289AE5C40096196B /* Constants.swift */,
				BDDF775E289CF0C20096196B /* URL.swift */,
				BD897D4128A16619003F7B47 /* DateFormatType.swift */,
				BD897D4328A16684003F7B47 /* Date+Extension.swift */,
				BD897D4528A166AB003F7B47 /* String+Extension.swift */,
			);
			path = Common;
			sourceTree = "<group>";
		};
		BDDF770A289A757E0096196B /* Data */ = {
			isa = PBXGroup;
			children = (
				BDDF770E289A75C50096196B /* .gitkeep */,
				BDDF7736289AE7EC0096196B /* Media.swift */,
				BDAD2D3628A3EA6B004ED9A2 /* Popular.swift */,
				BDAD2D3828A3EA71004ED9A2 /* TopRated.swift */,
				BDAD2D3A28A3F1B5004ED9A2 /* Upcoming.swift */,
				BDBA189528A7D497001F2ABA /* Theater.swift */,
			);
			path = Data;
			sourceTree = "<group>";
		};
		BDDF770B289A759C0096196B /* Network */ = {
			isa = PBXGroup;
			children = (
				BDDF7760289CF5C10096196B /* TrendingService.swift */,
				BDC26ED2289D3C50005C2449 /* MovieService.swift */,
			);
			path = Network;
			sourceTree = "<group>";
		};
		BDDF772E289AD8A60096196B /* Controller */ = {
			isa = PBXGroup;
			children = (
				BDDF7704289A74110096196B /* TrendViewController.swift */,
				BDDF772C289AD8A10096196B /* TrendViewController.storyboard */,
				BDC26ECE289D2F62005C2449 /* TrendCollectionViewDataSource.swift */,
				BDC26ED0289D30A1005C2449 /* TrendCollectionViewDelegate.swift */,
			);
			path = Controller;
			sourceTree = "<group>";
		};
		BDDF772F289AD9320096196B /* Cell */ = {
			isa = PBXGroup;
			children = (
				BDDF7730289AD94C0096196B /* TrendMovieCollectionViewCell.swift */,
				BDDF7731289AD94C0096196B /* TrendMovieCollectionViewCell.xib */,
			);
			path = Cell;
			sourceTree = "<group>";
		};
		BDDF773E289BDA300096196B /* Detail */ = {
			isa = PBXGroup;
			children = (
				BDDF7744289BDD6E0096196B /* Cell */,
				BDDF773F289BDA3B0096196B /* Controller */,
			);
			path = Detail;
			sourceTree = "<group>";
		};
		BDDF773F289BDA3B0096196B /* Controller */ = {
			isa = PBXGroup;
			children = (
				BDDF7740289BDA480096196B /* DetailViewController.storyboard */,
				BDDF7742289BDA540096196B /* DetailViewController.swift */,
				BDDF7749289BDFCC0096196B /* DetailTableViewDataSource.swift */,
				BDDF774B289BE0DB0096196B /* DetailTableViewDelegate.swift */,
			);
			path = Controller;
			sourceTree = "<group>";
		};
		BDDF7744289BDD6E0096196B /* Cell */ = {
			isa = PBXGroup;
			children = (
				BDDF7745289BDD9E0096196B /* PersonCell.swift */,
				BDDF7747289BDDC10096196B /* OverviewCell.swift */,
			);
			path = Cell;
			sourceTree = "<group>";
		};
/* End PBXGroup section */

/* Begin PBXHeadersBuildPhase section */
		BDCEFC4E28B2220A00EE0439 /* Headers */ = {
			isa = PBXHeadersBuildPhase;
			buildActionMask = 2147483647;
			files = (
				BDCEFC5628B2220A00EE0439 /* MediaSsok_Core.h in Headers */,
			);
			runOnlyForDeploymentPostprocessing = 0;
		};
		BDCEFC6428B22A7A00EE0439 /* Headers */ = {
			isa = PBXHeadersBuildPhase;
			buildActionMask = 2147483647;
			files = (
				BDCEFC6C28B22A7A00EE0439 /* MediaSsok_UIKit.h in Headers */,
			);
			runOnlyForDeploymentPostprocessing = 0;
		};
/* End PBXHeadersBuildPhase section */

/* Begin PBXNativeTarget section */
		BDCEFC5228B2220A00EE0439 /* MediaSsok-Core */ = {
			isa = PBXNativeTarget;
			buildConfigurationList = BDCEFC5B28B2220A00EE0439 /* Build configuration list for PBXNativeTarget "MediaSsok-Core" */;
			buildPhases = (
				BDCEFC4E28B2220A00EE0439 /* Headers */,
				BDCEFC4F28B2220A00EE0439 /* Sources */,
				BDCEFC5028B2220A00EE0439 /* Frameworks */,
				BDCEFC5128B2220A00EE0439 /* Resources */,
			);
			buildRules = (
			);
			dependencies = (
			);
			name = "MediaSsok-Core";
			productName = "MediaSsok-Core";
			productReference = BDCEFC5328B2220A00EE0439 /* MediaSsok_Core.framework */;
			productType = "com.apple.product-type.framework";
		};
		BDCEFC6828B22A7A00EE0439 /* MediaSsok-UIKit */ = {
			isa = PBXNativeTarget;
			buildConfigurationList = BDCEFC7128B22A7A00EE0439 /* Build configuration list for PBXNativeTarget "MediaSsok-UIKit" */;
			buildPhases = (
				BDCEFC6428B22A7A00EE0439 /* Headers */,
				BDCEFC6528B22A7A00EE0439 /* Sources */,
				BDCEFC6628B22A7A00EE0439 /* Frameworks */,
				BDCEFC6728B22A7A00EE0439 /* Resources */,
			);
			buildRules = (
			);
			dependencies = (
			);
			name = "MediaSsok-UIKit";
			productName = "MediaSsok-UIKit";
			productReference = BDCEFC6928B22A7A00EE0439 /* MediaSsok_UIKit.framework */;
			productType = "com.apple.product-type.framework";
		};
		BDDF76E7289A6E6A0096196B /* MediaSsok */ = {
			isa = PBXNativeTarget;
			buildConfigurationList = BDDF76FC289A6E6C0096196B /* Build configuration list for PBXNativeTarget "MediaSsok" */;
			buildPhases = (
				BDDF76E4289A6E6A0096196B /* Sources */,
				BDDF76E5289A6E6A0096196B /* Frameworks */,
				BDDF76E6289A6E6A0096196B /* Resources */,
				BDCEFC5E28B2220A00EE0439 /* Embed Frameworks */,
			);
			buildRules = (
			);
			dependencies = (
				BDCEFC5828B2220A00EE0439 /* PBXTargetDependency */,
				BDCEFC6E28B22A7A00EE0439 /* PBXTargetDependency */,
			);
			name = MediaSsok;
			packageProductDependencies = (
				BDDF7713289A770F0096196B /* Alamofire */,
				BDDF7716289A77210096196B /* SwiftyJSON */,
				BDDF7739289AEA8F0096196B /* Kingfisher */,
			);
			productName = MovieSsok;
			productReference = BDDF76E8289A6E6A0096196B /* MediaSsok.app */;
			productType = "com.apple.product-type.application";
		};
/* End PBXNativeTarget section */

/* Begin PBXProject section */
		BDDF76E0289A6E6A0096196B /* Project object */ = {
			isa = PBXProject;
			attributes = {
				BuildIndependentTargetsInParallel = 1;
				LastSwiftUpdateCheck = 1340;
				LastUpgradeCheck = 1340;
				TargetAttributes = {
					BDCEFC5228B2220A00EE0439 = {
						CreatedOnToolsVersion = 13.4.1;
						LastSwiftMigration = 1340;
					};
					BDCEFC6828B22A7A00EE0439 = {
						CreatedOnToolsVersion = 13.4.1;
					};
					BDDF76E7289A6E6A0096196B = {
						CreatedOnToolsVersion = 13.4.1;
					};
				};
			};
			buildConfigurationList = BDDF76E3289A6E6A0096196B /* Build configuration list for PBXProject "MediaSsok" */;
			compatibilityVersion = "Xcode 13.0";
			developmentRegion = en;
			hasScannedForEncodings = 0;
			knownRegions = (
				en,
				Base,
			);
			mainGroup = BDDF76DF289A6E6A0096196B;
			packageReferences = (
				BDDF7712289A770F0096196B /* XCRemoteSwiftPackageReference "Alamofire" */,
				BDDF7715289A77210096196B /* XCRemoteSwiftPackageReference "SwiftyJSON" */,
				BDDF7738289AEA8F0096196B /* XCRemoteSwiftPackageReference "Kingfisher" */,
			);
			productRefGroup = BDDF76E9289A6E6A0096196B /* Products */;
			projectDirPath = "";
			projectRoot = "";
			targets = (
				BDDF76E7289A6E6A0096196B /* MediaSsok */,
				BDCEFC5228B2220A00EE0439 /* MediaSsok-Core */,
				BDCEFC6828B22A7A00EE0439 /* MediaSsok-UIKit */,
			);
		};
/* End PBXProject section */

/* Begin PBXResourcesBuildPhase section */
		BDCEFC5128B2220A00EE0439 /* Resources */ = {
			isa = PBXResourcesBuildPhase;
			buildActionMask = 2147483647;
			files = (
			);
			runOnlyForDeploymentPostprocessing = 0;
		};
		BDCEFC6728B22A7A00EE0439 /* Resources */ = {
			isa = PBXResourcesBuildPhase;
			buildActionMask = 2147483647;
			files = (
			);
			runOnlyForDeploymentPostprocessing = 0;
		};
		BDDF76E6289A6E6A0096196B /* Resources */ = {
			isa = PBXResourcesBuildPhase;
			buildActionMask = 2147483647;
			files = (
				BDDF76F8289A6E6C0096196B /* LaunchScreen.storyboard in Resources */,
				BDAA91C928A2934600CB3848 /* MediaCollectionViewCell.xib in Resources */,
				BDCEFC4D28B220E200EE0439 /* Secrets.xcconfig in Resources */,
				BDAA91CF28A2938000CB3848 /* MediaSectionTableViewCell.xib in Resources */,
				BDDF7733289AD94C0096196B /* TrendMovieCollectionViewCell.xib in Resources */,
				BDDF772D289AD8A10096196B /* TrendViewController.storyboard in Resources */,
				BD897D3D28A15595003F7B47 /* VideoViewController.storyboard in Resources */,
				BDBA189128A7B04D001F2ABA /* CinemaViewController.storyboard in Resources */,
				BDAA91BB28A2918A00CB3848 /* HomeViewController.storyboard in Resources */,
				BDAA91C528A2922600CB3848 /* MainBannerView.xib in Resources */,
				BDDF76F5289A6E6C0096196B /* Assets.xcassets in Resources */,
				BDDF7741289BDA480096196B /* DetailViewController.storyboard in Resources */,
				BDDF76F3289A6E6A0096196B /* Main.storyboard in Resources */,
			);
			runOnlyForDeploymentPostprocessing = 0;
		};
/* End PBXResourcesBuildPhase section */

/* Begin PBXSourcesBuildPhase section */
		BDCEFC4F28B2220A00EE0439 /* Sources */ = {
			isa = PBXSourcesBuildPhase;
			buildActionMask = 2147483647;
			files = (
				BDCEFC7628B22EEA00EE0439 /* Reusable.swift in Sources */,
				BDCEFC6328B2264000EE0439 /* String+.swift in Sources */,
				BDCEFC6028B2233800EE0439 /* Logger.swift in Sources */,
			);
			runOnlyForDeploymentPostprocessing = 0;
		};
		BDCEFC6528B22A7A00EE0439 /* Sources */ = {
			isa = PBXSourcesBuildPhase;
			buildActionMask = 2147483647;
			files = (
			);
			runOnlyForDeploymentPostprocessing = 0;
		};
		BDDF76E4289A6E6A0096196B /* Sources */ = {
			isa = PBXSourcesBuildPhase;
			buildActionMask = 2147483647;
			files = (
				BD18AC96289CFC1900A1FEE4 /* TrendingService.swift in Sources */,
				BD897D4628A166AB003F7B47 /* String+Extension.swift in Sources */,
				BD4C60D928B0D47F00BB464E /* MainTabBarController.swift in Sources */,
				BDAD2D3928A3EA71004ED9A2 /* TopRated.swift in Sources */,
				BDCEFC7B28B24C7200EE0439 /* FirstContentViewController.swift in Sources */,
				BDC26ED1289D30A1005C2449 /* TrendCollectionViewDelegate.swift in Sources */,
				BD897D3F28A155B4003F7B47 /* VideoViewController.swift in Sources */,
				BDAA91CE28A2938000CB3848 /* MediaSectionTableViewCell.swift in Sources */,
				BD4C60DC28B0E16B00BB464E /* BaseViewController.swift in Sources */,
				BDAA91C328A2921E00CB3848 /* MainBannerView.swift in Sources */,
				BDCEFC7D28B24C7B00EE0439 /* SecondContentViewController.swift in Sources */,
				BDDF76EC289A6E6A0096196B /* AppDelegate.swift in Sources */,
				BDCEFC7F28B24C8200EE0439 /* ThirdContentViewController.swift in Sources */,
				BDDF771C289A7FD80096196B /* Keys.swift in Sources */,
				BDBA189628A7D497001F2ABA /* Theater.swift in Sources */,
				BDAA91C828A2934600CB3848 /* MediaCollectionViewCell.swift in Sources */,
				BD897D4428A16684003F7B47 /* Date+Extension.swift in Sources */,
				BD4C60D528B0D1AC00BB464E /* BaseTabBarController.swift in Sources */,
				BDAA91B928A2917A00CB3848 /* HomeViewController.swift in Sources */,
				BDDF7748289BDDC10096196B /* OverviewCell.swift in Sources */,
				BD4C60DF28B0E63B00BB464E /* SceneManager.swift in Sources */,
				BDDF7737289AE7EC0096196B /* Media.swift in Sources */,
				BDDF7746289BDD9E0096196B /* PersonCell.swift in Sources */,
				BD4C60D728B0D27200BB464E /* TabStyle.swift in Sources */,
				BD897D4228A16619003F7B47 /* DateFormatType.swift in Sources */,
				BDDF775F289CF0C20096196B /* URL.swift in Sources */,
				BDDF774C289BE0DB0096196B /* DetailTableViewDelegate.swift in Sources */,
				BDAD2D3728A3EA6B004ED9A2 /* Popular.swift in Sources */,
				BDDF7732289AD94C0096196B /* TrendMovieCollectionViewCell.swift in Sources */,
				BDC26ECF289D2F62005C2449 /* TrendCollectionViewDataSource.swift in Sources */,
				BDDF774A289BDFCC0096196B /* DetailTableViewDataSource.swift in Sources */,
				BDCEFC7928B24C5500EE0439 /* IntroPageViewController.swift in Sources */,
				BDC26ED3289D3C50005C2449 /* MovieService.swift in Sources */,
				BDAD2D3B28A3F1B5004ED9A2 /* Upcoming.swift in Sources */,
				BDDF7705289A74110096196B /* TrendViewController.swift in Sources */,
				BDDF76EE289A6E6A0096196B /* SceneDelegate.swift in Sources */,
				BDDF7735289AE5C40096196B /* Constants.swift in Sources */,
				BDDF7743289BDA540096196B /* DetailViewController.swift in Sources */,
				BDBA189328A7B057001F2ABA /* CinemaViewController.swift in Sources */,
			);
			runOnlyForDeploymentPostprocessing = 0;
		};
/* End PBXSourcesBuildPhase section */

/* Begin PBXTargetDependency section */
		BDCEFC5828B2220A00EE0439 /* PBXTargetDependency */ = {
			isa = PBXTargetDependency;
			target = BDCEFC5228B2220A00EE0439 /* MediaSsok-Core */;
			targetProxy = BDCEFC5728B2220A00EE0439 /* PBXContainerItemProxy */;
		};
		BDCEFC6E28B22A7A00EE0439 /* PBXTargetDependency */ = {
			isa = PBXTargetDependency;
			target = BDCEFC6828B22A7A00EE0439 /* MediaSsok-UIKit */;
			targetProxy = BDCEFC6D28B22A7A00EE0439 /* PBXContainerItemProxy */;
		};
/* End PBXTargetDependency section */

/* Begin PBXVariantGroup section */
		BDDF76F1289A6E6A0096196B /* Main.storyboard */ = {
			isa = PBXVariantGroup;
			children = (
				BDDF76F2289A6E6A0096196B /* Base */,
			);
			name = Main.storyboard;
			sourceTree = "<group>";
		};
		BDDF76F6289A6E6C0096196B /* LaunchScreen.storyboard */ = {
			isa = PBXVariantGroup;
			children = (
				BDDF76F7289A6E6C0096196B /* Base */,
			);
			name = LaunchScreen.storyboard;
			sourceTree = "<group>";
		};
/* End PBXVariantGroup section */

/* Begin XCBuildConfiguration section */
		BDCEFC5C28B2220A00EE0439 /* Debug */ = {
			isa = XCBuildConfiguration;
			buildSettings = {
				CLANG_ENABLE_MODULES = YES;
				CODE_SIGN_STYLE = Automatic;
				CURRENT_PROJECT_VERSION = 1;
				DEFINES_MODULE = YES;
				DEVELOPMENT_TEAM = W7P3R7ZL78;
				DYLIB_COMPATIBILITY_VERSION = 1;
				DYLIB_CURRENT_VERSION = 1;
				DYLIB_INSTALL_NAME_BASE = "@rpath";
				GENERATE_INFOPLIST_FILE = YES;
				INFOPLIST_KEY_NSHumanReadableCopyright = "";
				INSTALL_PATH = "$(LOCAL_LIBRARY_DIR)/Frameworks";
				IPHONEOS_DEPLOYMENT_TARGET = 15.0;
				LD_RUNPATH_SEARCH_PATHS = (
					"$(inherited)",
					"@executable_path/Frameworks",
					"@loader_path/Frameworks",
				);
				MARKETING_VERSION = 1.0;
				PRODUCT_BUNDLE_IDENTIFIER = "com.taekki.MediaSsok-Core";
				PRODUCT_NAME = "$(TARGET_NAME:c99extidentifier)";
				SKIP_INSTALL = YES;
				SUPPORTS_MACCATALYST = NO;
				SWIFT_EMIT_LOC_STRINGS = YES;
				SWIFT_OPTIMIZATION_LEVEL = "-Onone";
				SWIFT_VERSION = 5.0;
				TARGETED_DEVICE_FAMILY = 1;
				VERSIONING_SYSTEM = "apple-generic";
				VERSION_INFO_PREFIX = "";
			};
			name = Debug;
		};
		BDCEFC5D28B2220A00EE0439 /* Release */ = {
			isa = XCBuildConfiguration;
			buildSettings = {
				CLANG_ENABLE_MODULES = YES;
				CODE_SIGN_STYLE = Automatic;
				CURRENT_PROJECT_VERSION = 1;
				DEFINES_MODULE = YES;
				DEVELOPMENT_TEAM = W7P3R7ZL78;
				DYLIB_COMPATIBILITY_VERSION = 1;
				DYLIB_CURRENT_VERSION = 1;
				DYLIB_INSTALL_NAME_BASE = "@rpath";
				GENERATE_INFOPLIST_FILE = YES;
				INFOPLIST_KEY_NSHumanReadableCopyright = "";
				INSTALL_PATH = "$(LOCAL_LIBRARY_DIR)/Frameworks";
				IPHONEOS_DEPLOYMENT_TARGET = 15.0;
				LD_RUNPATH_SEARCH_PATHS = (
					"$(inherited)",
					"@executable_path/Frameworks",
					"@loader_path/Frameworks",
				);
				MARKETING_VERSION = 1.0;
				PRODUCT_BUNDLE_IDENTIFIER = "com.taekki.MediaSsok-Core";
				PRODUCT_NAME = "$(TARGET_NAME:c99extidentifier)";
				SKIP_INSTALL = YES;
				SUPPORTS_MACCATALYST = NO;
				SWIFT_EMIT_LOC_STRINGS = YES;
				SWIFT_VERSION = 5.0;
				TARGETED_DEVICE_FAMILY = 1;
				VERSIONING_SYSTEM = "apple-generic";
				VERSION_INFO_PREFIX = "";
			};
			name = Release;
		};
		BDCEFC7228B22A7A00EE0439 /* Debug */ = {
			isa = XCBuildConfiguration;
			buildSettings = {
				CODE_SIGN_STYLE = Automatic;
				CURRENT_PROJECT_VERSION = 1;
				DEFINES_MODULE = YES;
				DEVELOPMENT_TEAM = W7P3R7ZL78;
				DYLIB_COMPATIBILITY_VERSION = 1;
				DYLIB_CURRENT_VERSION = 1;
				DYLIB_INSTALL_NAME_BASE = "@rpath";
				GENERATE_INFOPLIST_FILE = YES;
				INFOPLIST_KEY_NSHumanReadableCopyright = "";
				INSTALL_PATH = "$(LOCAL_LIBRARY_DIR)/Frameworks";
				IPHONEOS_DEPLOYMENT_TARGET = 15.0;
				LD_RUNPATH_SEARCH_PATHS = (
					"$(inherited)",
					"@executable_path/Frameworks",
					"@loader_path/Frameworks",
				);
				MARKETING_VERSION = 1.0;
				PRODUCT_BUNDLE_IDENTIFIER = "com.taekki.MediaSsok-UIKit";
				PRODUCT_NAME = "$(TARGET_NAME:c99extidentifier)";
				SKIP_INSTALL = YES;
				SUPPORTS_MACCATALYST = NO;
				SWIFT_EMIT_LOC_STRINGS = YES;
				SWIFT_VERSION = 5.0;
				TARGETED_DEVICE_FAMILY = 1;
				VERSIONING_SYSTEM = "apple-generic";
				VERSION_INFO_PREFIX = "";
			};
			name = Debug;
		};
		BDCEFC7328B22A7A00EE0439 /* Release */ = {
			isa = XCBuildConfiguration;
			buildSettings = {
				CODE_SIGN_STYLE = Automatic;
				CURRENT_PROJECT_VERSION = 1;
				DEFINES_MODULE = YES;
				DEVELOPMENT_TEAM = W7P3R7ZL78;
				DYLIB_COMPATIBILITY_VERSION = 1;
				DYLIB_CURRENT_VERSION = 1;
				DYLIB_INSTALL_NAME_BASE = "@rpath";
				GENERATE_INFOPLIST_FILE = YES;
				INFOPLIST_KEY_NSHumanReadableCopyright = "";
				INSTALL_PATH = "$(LOCAL_LIBRARY_DIR)/Frameworks";
				IPHONEOS_DEPLOYMENT_TARGET = 15.0;
				LD_RUNPATH_SEARCH_PATHS = (
					"$(inherited)",
					"@executable_path/Frameworks",
					"@loader_path/Frameworks",
				);
				MARKETING_VERSION = 1.0;
				PRODUCT_BUNDLE_IDENTIFIER = "com.taekki.MediaSsok-UIKit";
				PRODUCT_NAME = "$(TARGET_NAME:c99extidentifier)";
				SKIP_INSTALL = YES;
				SUPPORTS_MACCATALYST = NO;
				SWIFT_EMIT_LOC_STRINGS = YES;
				SWIFT_VERSION = 5.0;
				TARGETED_DEVICE_FAMILY = 1;
				VERSIONING_SYSTEM = "apple-generic";
				VERSION_INFO_PREFIX = "";
			};
			name = Release;
		};
		BDDF76FA289A6E6C0096196B /* Debug */ = {
			isa = XCBuildConfiguration;
			buildSettings = {
				ALWAYS_SEARCH_USER_PATHS = NO;
				CLANG_ANALYZER_NONNULL = YES;
				CLANG_ANALYZER_NUMBER_OBJECT_CONVERSION = YES_AGGRESSIVE;
				CLANG_CXX_LANGUAGE_STANDARD = "gnu++17";
				CLANG_ENABLE_MODULES = YES;
				CLANG_ENABLE_OBJC_ARC = YES;
				CLANG_ENABLE_OBJC_WEAK = YES;
				CLANG_WARN_BLOCK_CAPTURE_AUTORELEASING = YES;
				CLANG_WARN_BOOL_CONVERSION = YES;
				CLANG_WARN_COMMA = YES;
				CLANG_WARN_CONSTANT_CONVERSION = YES;
				CLANG_WARN_DEPRECATED_OBJC_IMPLEMENTATIONS = YES;
				CLANG_WARN_DIRECT_OBJC_ISA_USAGE = YES_ERROR;
				CLANG_WARN_DOCUMENTATION_COMMENTS = YES;
				CLANG_WARN_EMPTY_BODY = YES;
				CLANG_WARN_ENUM_CONVERSION = YES;
				CLANG_WARN_INFINITE_RECURSION = YES;
				CLANG_WARN_INT_CONVERSION = YES;
				CLANG_WARN_NON_LITERAL_NULL_CONVERSION = YES;
				CLANG_WARN_OBJC_IMPLICIT_RETAIN_SELF = YES;
				CLANG_WARN_OBJC_LITERAL_CONVERSION = YES;
				CLANG_WARN_OBJC_ROOT_CLASS = YES_ERROR;
				CLANG_WARN_QUOTED_INCLUDE_IN_FRAMEWORK_HEADER = YES;
				CLANG_WARN_RANGE_LOOP_ANALYSIS = YES;
				CLANG_WARN_STRICT_PROTOTYPES = YES;
				CLANG_WARN_SUSPICIOUS_MOVE = YES;
				CLANG_WARN_UNGUARDED_AVAILABILITY = YES_AGGRESSIVE;
				CLANG_WARN_UNREACHABLE_CODE = YES;
				CLANG_WARN__DUPLICATE_METHOD_MATCH = YES;
				COPY_PHASE_STRIP = NO;
				DEBUG_INFORMATION_FORMAT = dwarf;
				ENABLE_STRICT_OBJC_MSGSEND = YES;
				ENABLE_TESTABILITY = YES;
				GCC_C_LANGUAGE_STANDARD = gnu11;
				GCC_DYNAMIC_NO_PIC = NO;
				GCC_NO_COMMON_BLOCKS = YES;
				GCC_OPTIMIZATION_LEVEL = 0;
				GCC_PREPROCESSOR_DEFINITIONS = (
					"DEBUG=1",
					"$(inherited)",
				);
				GCC_WARN_64_TO_32_BIT_CONVERSION = YES;
				GCC_WARN_ABOUT_RETURN_TYPE = YES_ERROR;
				GCC_WARN_UNDECLARED_SELECTOR = YES;
				GCC_WARN_UNINITIALIZED_AUTOS = YES_AGGRESSIVE;
				GCC_WARN_UNUSED_FUNCTION = YES;
				GCC_WARN_UNUSED_VARIABLE = YES;
				IPHONEOS_DEPLOYMENT_TARGET = 15.0;
				MTL_ENABLE_DEBUG_INFO = INCLUDE_SOURCE;
				MTL_FAST_MATH = YES;
				ONLY_ACTIVE_ARCH = YES;
				SDKROOT = iphoneos;
				SWIFT_ACTIVE_COMPILATION_CONDITIONS = DEBUG;
				SWIFT_OPTIMIZATION_LEVEL = "-Onone";
			};
			name = Debug;
		};
		BDDF76FB289A6E6C0096196B /* Release */ = {
			isa = XCBuildConfiguration;
			buildSettings = {
				ALWAYS_SEARCH_USER_PATHS = NO;
				CLANG_ANALYZER_NONNULL = YES;
				CLANG_ANALYZER_NUMBER_OBJECT_CONVERSION = YES_AGGRESSIVE;
				CLANG_CXX_LANGUAGE_STANDARD = "gnu++17";
				CLANG_ENABLE_MODULES = YES;
				CLANG_ENABLE_OBJC_ARC = YES;
				CLANG_ENABLE_OBJC_WEAK = YES;
				CLANG_WARN_BLOCK_CAPTURE_AUTORELEASING = YES;
				CLANG_WARN_BOOL_CONVERSION = YES;
				CLANG_WARN_COMMA = YES;
				CLANG_WARN_CONSTANT_CONVERSION = YES;
				CLANG_WARN_DEPRECATED_OBJC_IMPLEMENTATIONS = YES;
				CLANG_WARN_DIRECT_OBJC_ISA_USAGE = YES_ERROR;
				CLANG_WARN_DOCUMENTATION_COMMENTS = YES;
				CLANG_WARN_EMPTY_BODY = YES;
				CLANG_WARN_ENUM_CONVERSION = YES;
				CLANG_WARN_INFINITE_RECURSION = YES;
				CLANG_WARN_INT_CONVERSION = YES;
				CLANG_WARN_NON_LITERAL_NULL_CONVERSION = YES;
				CLANG_WARN_OBJC_IMPLICIT_RETAIN_SELF = YES;
				CLANG_WARN_OBJC_LITERAL_CONVERSION = YES;
				CLANG_WARN_OBJC_ROOT_CLASS = YES_ERROR;
				CLANG_WARN_QUOTED_INCLUDE_IN_FRAMEWORK_HEADER = YES;
				CLANG_WARN_RANGE_LOOP_ANALYSIS = YES;
				CLANG_WARN_STRICT_PROTOTYPES = YES;
				CLANG_WARN_SUSPICIOUS_MOVE = YES;
				CLANG_WARN_UNGUARDED_AVAILABILITY = YES_AGGRESSIVE;
				CLANG_WARN_UNREACHABLE_CODE = YES;
				CLANG_WARN__DUPLICATE_METHOD_MATCH = YES;
				COPY_PHASE_STRIP = NO;
				DEBUG_INFORMATION_FORMAT = "dwarf-with-dsym";
				ENABLE_NS_ASSERTIONS = NO;
				ENABLE_STRICT_OBJC_MSGSEND = YES;
				GCC_C_LANGUAGE_STANDARD = gnu11;
				GCC_NO_COMMON_BLOCKS = YES;
				GCC_WARN_64_TO_32_BIT_CONVERSION = YES;
				GCC_WARN_ABOUT_RETURN_TYPE = YES_ERROR;
				GCC_WARN_UNDECLARED_SELECTOR = YES;
				GCC_WARN_UNINITIALIZED_AUTOS = YES_AGGRESSIVE;
				GCC_WARN_UNUSED_FUNCTION = YES;
				GCC_WARN_UNUSED_VARIABLE = YES;
				IPHONEOS_DEPLOYMENT_TARGET = 15.0;
				MTL_ENABLE_DEBUG_INFO = NO;
				MTL_FAST_MATH = YES;
				SDKROOT = iphoneos;
				SWIFT_COMPILATION_MODE = wholemodule;
				SWIFT_OPTIMIZATION_LEVEL = "-O";
				VALIDATE_PRODUCT = YES;
			};
			name = Release;
		};
		BDDF76FD289A6E6C0096196B /* Debug */ = {
			isa = XCBuildConfiguration;
			baseConfigurationReference = BDCEFC4C28B220E200EE0439 /* Secrets.xcconfig */;
			buildSettings = {
				ALWAYS_EMBED_SWIFT_STANDARD_LIBRARIES = YES;
				ASSETCATALOG_COMPILER_APPICON_NAME = AppIcon;
				ASSETCATALOG_COMPILER_GLOBAL_ACCENT_COLOR_NAME = AccentColor;
				CODE_SIGN_STYLE = Automatic;
				CURRENT_PROJECT_VERSION = 1;
				DEVELOPMENT_TEAM = W7P3R7ZL78;
				GENERATE_INFOPLIST_FILE = YES;
				INFOPLIST_FILE = MediaSsok/Configuration/Info.plist;
				INFOPLIST_KEY_UIApplicationSupportsIndirectInputEvents = YES;
				INFOPLIST_KEY_UILaunchStoryboardName = LaunchScreen;
				INFOPLIST_KEY_UIMainStoryboardFile = Main;
				INFOPLIST_KEY_UISupportedInterfaceOrientations = UIInterfaceOrientationPortrait;
				INFOPLIST_KEY_UISupportedInterfaceOrientations_iPad = "UIInterfaceOrientationPortrait UIInterfaceOrientationPortraitUpsideDown UIInterfaceOrientationLandscapeLeft UIInterfaceOrientationLandscapeRight";
				INFOPLIST_KEY_UISupportedInterfaceOrientations_iPhone = UIInterfaceOrientationPortrait;
				LD_RUNPATH_SEARCH_PATHS = (
					"$(inherited)",
					"@executable_path/Frameworks",
				);
				MARKETING_VERSION = 1.0;
				PRODUCT_BUNDLE_IDENTIFIER = com.taekki.MediaSsok;
				PRODUCT_NAME = "$(TARGET_NAME)";
				SWIFT_EMIT_LOC_STRINGS = YES;
				SWIFT_VERSION = 5.0;
				TARGETED_DEVICE_FAMILY = 1;
			};
			name = Debug;
		};
		BDDF76FE289A6E6C0096196B /* Release */ = {
			isa = XCBuildConfiguration;
			baseConfigurationReference = BDCEFC4C28B220E200EE0439 /* Secrets.xcconfig */;
			buildSettings = {
				ALWAYS_EMBED_SWIFT_STANDARD_LIBRARIES = YES;
				ASSETCATALOG_COMPILER_APPICON_NAME = AppIcon;
				ASSETCATALOG_COMPILER_GLOBAL_ACCENT_COLOR_NAME = AccentColor;
				CODE_SIGN_STYLE = Automatic;
				CURRENT_PROJECT_VERSION = 1;
				DEVELOPMENT_TEAM = W7P3R7ZL78;
				GENERATE_INFOPLIST_FILE = YES;
				INFOPLIST_FILE = MediaSsok/Configuration/Info.plist;
				INFOPLIST_KEY_UIApplicationSupportsIndirectInputEvents = YES;
				INFOPLIST_KEY_UILaunchStoryboardName = LaunchScreen;
				INFOPLIST_KEY_UIMainStoryboardFile = Main;
				INFOPLIST_KEY_UISupportedInterfaceOrientations = UIInterfaceOrientationPortrait;
				INFOPLIST_KEY_UISupportedInterfaceOrientations_iPad = "UIInterfaceOrientationPortrait UIInterfaceOrientationPortraitUpsideDown UIInterfaceOrientationLandscapeLeft UIInterfaceOrientationLandscapeRight";
				INFOPLIST_KEY_UISupportedInterfaceOrientations_iPhone = UIInterfaceOrientationPortrait;
				LD_RUNPATH_SEARCH_PATHS = (
					"$(inherited)",
					"@executable_path/Frameworks",
				);
				MARKETING_VERSION = 1.0;
				PRODUCT_BUNDLE_IDENTIFIER = com.taekki.MediaSsok;
				PRODUCT_NAME = "$(TARGET_NAME)";
				SWIFT_EMIT_LOC_STRINGS = YES;
				SWIFT_VERSION = 5.0;
				TARGETED_DEVICE_FAMILY = 1;
			};
			name = Release;
		};
/* End XCBuildConfiguration section */

/* Begin XCConfigurationList section */
		BDCEFC5B28B2220A00EE0439 /* Build configuration list for PBXNativeTarget "MediaSsok-Core" */ = {
			isa = XCConfigurationList;
			buildConfigurations = (
				BDCEFC5C28B2220A00EE0439 /* Debug */,
				BDCEFC5D28B2220A00EE0439 /* Release */,
			);
			defaultConfigurationIsVisible = 0;
			defaultConfigurationName = Release;
		};
		BDCEFC7128B22A7A00EE0439 /* Build configuration list for PBXNativeTarget "MediaSsok-UIKit" */ = {
			isa = XCConfigurationList;
			buildConfigurations = (
				BDCEFC7228B22A7A00EE0439 /* Debug */,
				BDCEFC7328B22A7A00EE0439 /* Release */,
			);
			defaultConfigurationIsVisible = 0;
			defaultConfigurationName = Release;
		};
		BDDF76E3289A6E6A0096196B /* Build configuration list for PBXProject "MediaSsok" */ = {
			isa = XCConfigurationList;
			buildConfigurations = (
				BDDF76FA289A6E6C0096196B /* Debug */,
				BDDF76FB289A6E6C0096196B /* Release */,
			);
			defaultConfigurationIsVisible = 0;
			defaultConfigurationName = Release;
		};
		BDDF76FC289A6E6C0096196B /* Build configuration list for PBXNativeTarget "MediaSsok" */ = {
			isa = XCConfigurationList;
			buildConfigurations = (
				BDDF76FD289A6E6C0096196B /* Debug */,
				BDDF76FE289A6E6C0096196B /* Release */,
			);
			defaultConfigurationIsVisible = 0;
			defaultConfigurationName = Release;
		};
/* End XCConfigurationList section */

/* Begin XCRemoteSwiftPackageReference section */
		BDDF7712289A770F0096196B /* XCRemoteSwiftPackageReference "Alamofire" */ = {
			isa = XCRemoteSwiftPackageReference;
			repositoryURL = "https://github.com/Alamofire/Alamofire";
			requirement = {
				kind = upToNextMajorVersion;
				minimumVersion = 5.0.0;
			};
		};
		BDDF7715289A77210096196B /* XCRemoteSwiftPackageReference "SwiftyJSON" */ = {
			isa = XCRemoteSwiftPackageReference;
			repositoryURL = "https://github.com/SwiftyJSON/SwiftyJSON";
			requirement = {
				kind = upToNextMajorVersion;
				minimumVersion = 5.0.0;
			};
		};
		BDDF7738289AEA8F0096196B /* XCRemoteSwiftPackageReference "Kingfisher" */ = {
			isa = XCRemoteSwiftPackageReference;
			repositoryURL = "https://github.com/onevcat/Kingfisher.git";
			requirement = {
				kind = upToNextMajorVersion;
				minimumVersion = 7.0.0;
			};
		};
/* End XCRemoteSwiftPackageReference section */

/* Begin XCSwiftPackageProductDependency section */
		BDDF7713289A770F0096196B /* Alamofire */ = {
			isa = XCSwiftPackageProductDependency;
			package = BDDF7712289A770F0096196B /* XCRemoteSwiftPackageReference "Alamofire" */;
			productName = Alamofire;
		};
		BDDF7716289A77210096196B /* SwiftyJSON */ = {
			isa = XCSwiftPackageProductDependency;
			package = BDDF7715289A77210096196B /* XCRemoteSwiftPackageReference "SwiftyJSON" */;
			productName = SwiftyJSON;
		};
		BDDF7739289AEA8F0096196B /* Kingfisher */ = {
			isa = XCSwiftPackageProductDependency;
			package = BDDF7738289AEA8F0096196B /* XCRemoteSwiftPackageReference "Kingfisher" */;
			productName = Kingfisher;
		};
/* End XCSwiftPackageProductDependency section */
	};
	rootObject = BDDF76E0289A6E6A0096196B /* Project object */;
}
