// !$*UTF8*$!
{
	archiveVersion = 1;
	classes = {
	};
	objectVersion = 55;
	objects = {

/* Begin PBXBuildFile section */
		BD18AC96289CFC1900A1FEE4 /* TrendingService.swift in Sources */ = {isa = PBXBuildFile; fileRef = BDDF7760289CF5C10096196B /* TrendingService.swift */; };
		BD897D3D28A15595003F7B47 /* VideoViewController.storyboard in Resources */ = {isa = PBXBuildFile; fileRef = BD897D3C28A15595003F7B47 /* VideoViewController.storyboard */; };
		BD897D3F28A155B4003F7B47 /* VideoViewController.swift in Sources */ = {isa = PBXBuildFile; fileRef = BD897D3E28A155B4003F7B47 /* VideoViewController.swift */; };
		BD897D4228A16619003F7B47 /* DateFormatType.swift in Sources */ = {isa = PBXBuildFile; fileRef = BD897D4128A16619003F7B47 /* DateFormatType.swift */; };
		BD897D4428A16684003F7B47 /* Date+Extension.swift in Sources */ = {isa = PBXBuildFile; fileRef = BD897D4328A16684003F7B47 /* Date+Extension.swift */; };
		BD897D4628A166AB003F7B47 /* String+Extension.swift in Sources */ = {isa = PBXBuildFile; fileRef = BD897D4528A166AB003F7B47 /* String+Extension.swift */; };
		BDAA91B928A2917A00CB3848 /* HomeViewController.swift in Sources */ = {isa = PBXBuildFile; fileRef = BDAA91B828A2917A00CB3848 /* HomeViewController.swift */; };
		BDAA91BB28A2918A00CB3848 /* HomeViewController.storyboard in Resources */ = {isa = PBXBuildFile; fileRef = BDAA91BA28A2918A00CB3848 /* HomeViewController.storyboard */; };
		BDAA91C328A2921E00CB3848 /* MainBannerView.swift in Sources */ = {isa = PBXBuildFile; fileRef = BDAA91C228A2921E00CB3848 /* MainBannerView.swift */; };
		BDAA91C528A2922600CB3848 /* MainBannerView.xib in Resources */ = {isa = PBXBuildFile; fileRef = BDAA91C428A2922600CB3848 /* MainBannerView.xib */; };
		BDAA91C828A2934600CB3848 /* MediaCollectionViewCell.swift in Sources */ = {isa = PBXBuildFile; fileRef = BDAA91C628A2934600CB3848 /* MediaCollectionViewCell.swift */; };
		BDAA91C928A2934600CB3848 /* MediaCollectionViewCell.xib in Resources */ = {isa = PBXBuildFile; fileRef = BDAA91C728A2934600CB3848 /* MediaCollectionViewCell.xib */; };
		BDAA91CE28A2938000CB3848 /* MediaSectionTableViewCell.swift in Sources */ = {isa = PBXBuildFile; fileRef = BDAA91CC28A2938000CB3848 /* MediaSectionTableViewCell.swift */; };
		BDAA91CF28A2938000CB3848 /* MediaSectionTableViewCell.xib in Resources */ = {isa = PBXBuildFile; fileRef = BDAA91CD28A2938000CB3848 /* MediaSectionTableViewCell.xib */; };
		BDC26ECF289D2F62005C2449 /* TrendCollectionViewDataSource.swift in Sources */ = {isa = PBXBuildFile; fileRef = BDC26ECE289D2F62005C2449 /* TrendCollectionViewDataSource.swift */; };
		BDC26ED1289D30A1005C2449 /* TrendCollectionViewDelegate.swift in Sources */ = {isa = PBXBuildFile; fileRef = BDC26ED0289D30A1005C2449 /* TrendCollectionViewDelegate.swift */; };
		BDC26ED3289D3C50005C2449 /* MovieService.swift in Sources */ = {isa = PBXBuildFile; fileRef = BDC26ED2289D3C50005C2449 /* MovieService.swift */; };
		BDDF76EC289A6E6A0096196B /* AppDelegate.swift in Sources */ = {isa = PBXBuildFile; fileRef = BDDF76EB289A6E6A0096196B /* AppDelegate.swift */; };
		BDDF76EE289A6E6A0096196B /* SceneDelegate.swift in Sources */ = {isa = PBXBuildFile; fileRef = BDDF76ED289A6E6A0096196B /* SceneDelegate.swift */; };
		BDDF76F3289A6E6A0096196B /* Main.storyboard in Resources */ = {isa = PBXBuildFile; fileRef = BDDF76F1289A6E6A0096196B /* Main.storyboard */; };
		BDDF76F5289A6E6C0096196B /* Assets.xcassets in Resources */ = {isa = PBXBuildFile; fileRef = BDDF76F4289A6E6C0096196B /* Assets.xcassets */; };
		BDDF76F8289A6E6C0096196B /* LaunchScreen.storyboard in Resources */ = {isa = PBXBuildFile; fileRef = BDDF76F6289A6E6C0096196B /* LaunchScreen.storyboard */; };
		BDDF7705289A74110096196B /* TrendViewController.swift in Sources */ = {isa = PBXBuildFile; fileRef = BDDF7704289A74110096196B /* TrendViewController.swift */; };
		BDDF7714289A770F0096196B /* Alamofire in Frameworks */ = {isa = PBXBuildFile; productRef = BDDF7713289A770F0096196B /* Alamofire */; };
		BDDF7717289A77210096196B /* SwiftyJSON in Frameworks */ = {isa = PBXBuildFile; productRef = BDDF7716289A77210096196B /* SwiftyJSON */; };
		BDDF771C289A7FD80096196B /* Keys.swift in Sources */ = {isa = PBXBuildFile; fileRef = BDDF771B289A7FD80096196B /* Keys.swift */; };
		BDDF772D289AD8A10096196B /* TrendViewController.storyboard in Resources */ = {isa = PBXBuildFile; fileRef = BDDF772C289AD8A10096196B /* TrendViewController.storyboard */; };
		BDDF7732289AD94C0096196B /* TrendMovieCollectionViewCell.swift in Sources */ = {isa = PBXBuildFile; fileRef = BDDF7730289AD94C0096196B /* TrendMovieCollectionViewCell.swift */; };
		BDDF7733289AD94C0096196B /* TrendMovieCollectionViewCell.xib in Resources */ = {isa = PBXBuildFile; fileRef = BDDF7731289AD94C0096196B /* TrendMovieCollectionViewCell.xib */; };
		BDDF7735289AE5C40096196B /* Constants.swift in Sources */ = {isa = PBXBuildFile; fileRef = BDDF7734289AE5C40096196B /* Constants.swift */; };
		BDDF7737289AE7EC0096196B /* Media.swift in Sources */ = {isa = PBXBuildFile; fileRef = BDDF7736289AE7EC0096196B /* Media.swift */; };
		BDDF773A289AEA8F0096196B /* Kingfisher in Frameworks */ = {isa = PBXBuildFile; productRef = BDDF7739289AEA8F0096196B /* Kingfisher */; };
		BDDF7741289BDA480096196B /* DetailViewController.storyboard in Resources */ = {isa = PBXBuildFile; fileRef = BDDF7740289BDA480096196B /* DetailViewController.storyboard */; };
		BDDF7743289BDA540096196B /* DetailViewController.swift in Sources */ = {isa = PBXBuildFile; fileRef = BDDF7742289BDA540096196B /* DetailViewController.swift */; };
		BDDF7746289BDD9E0096196B /* PersonCell.swift in Sources */ = {isa = PBXBuildFile; fileRef = BDDF7745289BDD9E0096196B /* PersonCell.swift */; };
		BDDF7748289BDDC10096196B /* OverviewCell.swift in Sources */ = {isa = PBXBuildFile; fileRef = BDDF7747289BDDC10096196B /* OverviewCell.swift */; };
		BDDF774A289BDFCC0096196B /* DetailTableViewDataSource.swift in Sources */ = {isa = PBXBuildFile; fileRef = BDDF7749289BDFCC0096196B /* DetailTableViewDataSource.swift */; };
		BDDF774C289BE0DB0096196B /* DetailTableViewDelegate.swift in Sources */ = {isa = PBXBuildFile; fileRef = BDDF774B289BE0DB0096196B /* DetailTableViewDelegate.swift */; };
		BDDF775F289CF0C20096196B /* URL.swift in Sources */ = {isa = PBXBuildFile; fileRef = BDDF775E289CF0C20096196B /* URL.swift */; };
/* End PBXBuildFile section */

/* Begin PBXFileReference section */
		BD897D3C28A15595003F7B47 /* VideoViewController.storyboard */ = {isa = PBXFileReference; lastKnownFileType = file.storyboard; path = VideoViewController.storyboard; sourceTree = "<group>"; };
		BD897D3E28A155B4003F7B47 /* VideoViewController.swift */ = {isa = PBXFileReference; lastKnownFileType = sourcecode.swift; path = VideoViewController.swift; sourceTree = "<group>"; };
		BD897D4128A16619003F7B47 /* DateFormatType.swift */ = {isa = PBXFileReference; lastKnownFileType = sourcecode.swift; path = DateFormatType.swift; sourceTree = "<group>"; };
		BD897D4328A16684003F7B47 /* Date+Extension.swift */ = {isa = PBXFileReference; lastKnownFileType = sourcecode.swift; path = "Date+Extension.swift"; sourceTree = "<group>"; };
		BD897D4528A166AB003F7B47 /* String+Extension.swift */ = {isa = PBXFileReference; lastKnownFileType = sourcecode.swift; path = "String+Extension.swift"; sourceTree = "<group>"; };
		BDAA91B828A2917A00CB3848 /* HomeViewController.swift */ = {isa = PBXFileReference; lastKnownFileType = sourcecode.swift; path = HomeViewController.swift; sourceTree = "<group>"; };
		BDAA91BA28A2918A00CB3848 /* HomeViewController.storyboard */ = {isa = PBXFileReference; lastKnownFileType = file.storyboard; path = HomeViewController.storyboard; sourceTree = "<group>"; };
		BDAA91C228A2921E00CB3848 /* MainBannerView.swift */ = {isa = PBXFileReference; lastKnownFileType = sourcecode.swift; path = MainBannerView.swift; sourceTree = "<group>"; };
		BDAA91C428A2922600CB3848 /* MainBannerView.xib */ = {isa = PBXFileReference; lastKnownFileType = file.xib; path = MainBannerView.xib; sourceTree = "<group>"; };
		BDAA91C628A2934600CB3848 /* MediaCollectionViewCell.swift */ = {isa = PBXFileReference; lastKnownFileType = sourcecode.swift; path = MediaCollectionViewCell.swift; sourceTree = "<group>"; };
		BDAA91C728A2934600CB3848 /* MediaCollectionViewCell.xib */ = {isa = PBXFileReference; lastKnownFileType = file.xib; path = MediaCollectionViewCell.xib; sourceTree = "<group>"; };
		BDAA91CC28A2938000CB3848 /* MediaSectionTableViewCell.swift */ = {isa = PBXFileReference; lastKnownFileType = sourcecode.swift; path = MediaSectionTableViewCell.swift; sourceTree = "<group>"; };
		BDAA91CD28A2938000CB3848 /* MediaSectionTableViewCell.xib */ = {isa = PBXFileReference; lastKnownFileType = file.xib; path = MediaSectionTableViewCell.xib; sourceTree = "<group>"; };
		BDC26ECE289D2F62005C2449 /* TrendCollectionViewDataSource.swift */ = {isa = PBXFileReference; lastKnownFileType = sourcecode.swift; path = TrendCollectionViewDataSource.swift; sourceTree = "<group>"; };
		BDC26ED0289D30A1005C2449 /* TrendCollectionViewDelegate.swift */ = {isa = PBXFileReference; lastKnownFileType = sourcecode.swift; path = TrendCollectionViewDelegate.swift; sourceTree = "<group>"; };
		BDC26ED2289D3C50005C2449 /* MovieService.swift */ = {isa = PBXFileReference; lastKnownFileType = sourcecode.swift; path = MovieService.swift; sourceTree = "<group>"; };
		BDDF76E8289A6E6A0096196B /* MediaSsok.app */ = {isa = PBXFileReference; explicitFileType = wrapper.application; includeInIndex = 0; path = MediaSsok.app; sourceTree = BUILT_PRODUCTS_DIR; };
		BDDF76EB289A6E6A0096196B /* AppDelegate.swift */ = {isa = PBXFileReference; lastKnownFileType = sourcecode.swift; path = AppDelegate.swift; sourceTree = "<group>"; };
		BDDF76ED289A6E6A0096196B /* SceneDelegate.swift */ = {isa = PBXFileReference; lastKnownFileType = sourcecode.swift; path = SceneDelegate.swift; sourceTree = "<group>"; };
		BDDF76F2289A6E6A0096196B /* Base */ = {isa = PBXFileReference; lastKnownFileType = file.storyboard; name = Base; path = Base.lproj/Main.storyboard; sourceTree = "<group>"; };
		BDDF76F4289A6E6C0096196B /* Assets.xcassets */ = {isa = PBXFileReference; lastKnownFileType = folder.assetcatalog; path = Assets.xcassets; sourceTree = "<group>"; };
		BDDF76F7289A6E6C0096196B /* Base */ = {isa = PBXFileReference; lastKnownFileType = file.storyboard; name = Base; path = Base.lproj/LaunchScreen.storyboard; sourceTree = "<group>"; };
		BDDF76F9289A6E6C0096196B /* Info.plist */ = {isa = PBXFileReference; lastKnownFileType = text.plist.xml; path = Info.plist; sourceTree = "<group>"; };
		BDDF7704289A74110096196B /* TrendViewController.swift */ = {isa = PBXFileReference; lastKnownFileType = sourcecode.swift; path = TrendViewController.swift; sourceTree = "<group>"; };
		BDDF7707289A75510096196B /* .gitkeep */ = {isa = PBXFileReference; lastKnownFileType = text; path = .gitkeep; sourceTree = "<group>"; };
		BDDF770E289A75C50096196B /* .gitkeep */ = {isa = PBXFileReference; lastKnownFileType = text; path = .gitkeep; sourceTree = "<group>"; };
		BDDF771A289A7CFC0096196B /* Secrets.xcconfig */ = {isa = PBXFileReference; lastKnownFileType = text.xcconfig; path = Secrets.xcconfig; sourceTree = "<group>"; };
		BDDF771B289A7FD80096196B /* Keys.swift */ = {isa = PBXFileReference; lastKnownFileType = sourcecode.swift; path = Keys.swift; sourceTree = "<group>"; };
		BDDF772C289AD8A10096196B /* TrendViewController.storyboard */ = {isa = PBXFileReference; lastKnownFileType = file.storyboard; path = TrendViewController.storyboard; sourceTree = "<group>"; };
		BDDF7730289AD94C0096196B /* TrendMovieCollectionViewCell.swift */ = {isa = PBXFileReference; lastKnownFileType = sourcecode.swift; path = TrendMovieCollectionViewCell.swift; sourceTree = "<group>"; };
		BDDF7731289AD94C0096196B /* TrendMovieCollectionViewCell.xib */ = {isa = PBXFileReference; lastKnownFileType = file.xib; path = TrendMovieCollectionViewCell.xib; sourceTree = "<group>"; };
		BDDF7734289AE5C40096196B /* Constants.swift */ = {isa = PBXFileReference; lastKnownFileType = sourcecode.swift; path = Constants.swift; sourceTree = "<group>"; };
		BDDF7736289AE7EC0096196B /* Media.swift */ = {isa = PBXFileReference; lastKnownFileType = sourcecode.swift; path = Media.swift; sourceTree = "<group>"; };
		BDDF7740289BDA480096196B /* DetailViewController.storyboard */ = {isa = PBXFileReference; lastKnownFileType = file.storyboard; path = DetailViewController.storyboard; sourceTree = "<group>"; };
		BDDF7742289BDA540096196B /* DetailViewController.swift */ = {isa = PBXFileReference; lastKnownFileType = sourcecode.swift; path = DetailViewController.swift; sourceTree = "<group>"; };
		BDDF7745289BDD9E0096196B /* PersonCell.swift */ = {isa = PBXFileReference; lastKnownFileType = sourcecode.swift; path = PersonCell.swift; sourceTree = "<group>"; };
		BDDF7747289BDDC10096196B /* OverviewCell.swift */ = {isa = PBXFileReference; lastKnownFileType = sourcecode.swift; path = OverviewCell.swift; sourceTree = "<group>"; };
		BDDF7749289BDFCC0096196B /* DetailTableViewDataSource.swift */ = {isa = PBXFileReference; lastKnownFileType = sourcecode.swift; path = DetailTableViewDataSource.swift; sourceTree = "<group>"; };
		BDDF774B289BE0DB0096196B /* DetailTableViewDelegate.swift */ = {isa = PBXFileReference; lastKnownFileType = sourcecode.swift; path = DetailTableViewDelegate.swift; sourceTree = "<group>"; };
		BDDF775E289CF0C20096196B /* URL.swift */ = {isa = PBXFileReference; lastKnownFileType = sourcecode.swift; path = URL.swift; sourceTree = "<group>"; };
		BDDF7760289CF5C10096196B /* TrendingService.swift */ = {isa = PBXFileReference; lastKnownFileType = sourcecode.swift; path = TrendingService.swift; sourceTree = "<group>"; };
/* End PBXFileReference section */

/* Begin PBXFrameworksBuildPhase section */
		BDDF76E5289A6E6A0096196B /* Frameworks */ = {
			isa = PBXFrameworksBuildPhase;
			buildActionMask = 2147483647;
			files = (
				BDDF773A289AEA8F0096196B /* Kingfisher in Frameworks */,
				BDDF7717289A77210096196B /* SwiftyJSON in Frameworks */,
				BDDF7714289A770F0096196B /* Alamofire in Frameworks */,
			);
			runOnlyForDeploymentPostprocessing = 0;
		};
/* End PBXFrameworksBuildPhase section */

/* Begin PBXGroup section */
		BD897D3B28A1557B003F7B47 /* Video */ = {
			isa = PBXGroup;
			children = (
				BD897D3C28A15595003F7B47 /* VideoViewController.storyboard */,
				BD897D3E28A155B4003F7B47 /* VideoViewController.swift */,
			);
			path = Video;
			sourceTree = "<group>";
		};
		BDAA91B428A2914E00CB3848 /* Home */ = {
			isa = PBXGroup;
			children = (
				BDAA91B728A2915F00CB3848 /* View */,
				BDAA91B628A2915B00CB3848 /* Cell */,
				BDAA91B528A2915800CB3848 /* Controller */,
			);
			path = Home;
			sourceTree = "<group>";
		};
		BDAA91B528A2915800CB3848 /* Controller */ = {
			isa = PBXGroup;
			children = (
				BDAA91B828A2917A00CB3848 /* HomeViewController.swift */,
				BDAA91BA28A2918A00CB3848 /* HomeViewController.storyboard */,
			);
			path = Controller;
			sourceTree = "<group>";
		};
		BDAA91B628A2915B00CB3848 /* Cell */ = {
			isa = PBXGroup;
			children = (
				BDAA91CB28A2935B00CB3848 /* TableViewCell */,
				BDAA91CA28A2934D00CB3848 /* CollectionViewCell */,
			);
			path = Cell;
			sourceTree = "<group>";
		};
		BDAA91B728A2915F00CB3848 /* View */ = {
			isa = PBXGroup;
			children = (
				BDAA91BC28A291D500CB3848 /* MainBannerView */,
			);
			path = View;
			sourceTree = "<group>";
		};
		BDAA91BC28A291D500CB3848 /* MainBannerView */ = {
			isa = PBXGroup;
			children = (
				BDAA91C228A2921E00CB3848 /* MainBannerView.swift */,
				BDAA91C428A2922600CB3848 /* MainBannerView.xib */,
			);
			path = MainBannerView;
			sourceTree = "<group>";
		};
		BDAA91CA28A2934D00CB3848 /* CollectionViewCell */ = {
			isa = PBXGroup;
			children = (
				BDAA91C628A2934600CB3848 /* MediaCollectionViewCell.swift */,
				BDAA91C728A2934600CB3848 /* MediaCollectionViewCell.xib */,
			);
			path = CollectionViewCell;
			sourceTree = "<group>";
		};
		BDAA91CB28A2935B00CB3848 /* TableViewCell */ = {
			isa = PBXGroup;
			children = (
				BDAA91CC28A2938000CB3848 /* MediaSectionTableViewCell.swift */,
				BDAA91CD28A2938000CB3848 /* MediaSectionTableViewCell.xib */,
			);
			path = TableViewCell;
			sourceTree = "<group>";
		};
		BDDF76DF289A6E6A0096196B = {
			isa = PBXGroup;
			children = (
				BDDF76EA289A6E6A0096196B /* MovieSsok */,
				BDDF76E9289A6E6A0096196B /* Products */,
			);
			sourceTree = "<group>";
		};
		BDDF76E9289A6E6A0096196B /* Products */ = {
			isa = PBXGroup;
			children = (
				BDDF76E8289A6E6A0096196B /* MediaSsok.app */,
			);
			name = Products;
			sourceTree = "<group>";
		};
		BDDF76EA289A6E6A0096196B /* MovieSsok */ = {
			isa = PBXGroup;
			children = (
				BDDF76FF289A72760096196B /* Application */,
				BDDF7709289A75700096196B /* Common */,
				BDDF7701289A72D80096196B /* Configuration */,
				BDDF770A289A757E0096196B /* Data */,
				BDDF770B289A759C0096196B /* Network */,
				BDDF7700289A72820096196B /* Resource */,
				BDDF7702289A73410096196B /* Scene */,
				BDDF7706289A75320096196B /* Utils */,
			);
			name = MovieSsok;
			path = MediaSsok;
			sourceTree = "<group>";
		};
		BDDF76FF289A72760096196B /* Application */ = {
			isa = PBXGroup;
			children = (
				BDDF76EB289A6E6A0096196B /* AppDelegate.swift */,
				BDDF76ED289A6E6A0096196B /* SceneDelegate.swift */,
			);
			path = Application;
			sourceTree = "<group>";
		};
		BDDF7700289A72820096196B /* Resource */ = {
			isa = PBXGroup;
			children = (
				BDDF76F1289A6E6A0096196B /* Main.storyboard */,
				BDDF76F6289A6E6C0096196B /* LaunchScreen.storyboard */,
				BDDF76F4289A6E6C0096196B /* Assets.xcassets */,
			);
			path = Resource;
			sourceTree = "<group>";
		};
		BDDF7701289A72D80096196B /* Configuration */ = {
			isa = PBXGroup;
			children = (
				BDDF76F9289A6E6C0096196B /* Info.plist */,
				BDDF771A289A7CFC0096196B /* Secrets.xcconfig */,
				BDDF771B289A7FD80096196B /* Keys.swift */,
			);
			path = Configuration;
			sourceTree = "<group>";
		};
		BDDF7702289A73410096196B /* Scene */ = {
			isa = PBXGroup;
			children = (
				BDAA91B428A2914E00CB3848 /* Home */,
				BD897D3B28A1557B003F7B47 /* Video */,
				BDDF773E289BDA300096196B /* Detail */,
				BDDF7703289A73DD0096196B /* Trend */,
			);
			path = Scene;
			sourceTree = "<group>";
		};
		BDDF7703289A73DD0096196B /* Trend */ = {
			isa = PBXGroup;
			children = (
				BDDF772F289AD9320096196B /* Cell */,
				BDDF772E289AD8A60096196B /* Controller */,
			);
			path = Trend;
			sourceTree = "<group>";
		};
		BDDF7706289A75320096196B /* Utils */ = {
			isa = PBXGroup;
			children = (
				BDDF7707289A75510096196B /* .gitkeep */,
			);
			path = Utils;
			sourceTree = "<group>";
		};
		BDDF7709289A75700096196B /* Common */ = {
			isa = PBXGroup;
			children = (
				BDDF7734289AE5C40096196B /* Constants.swift */,
				BDDF775E289CF0C20096196B /* URL.swift */,
				BD897D4128A16619003F7B47 /* DateFormatType.swift */,
				BD897D4328A16684003F7B47 /* Date+Extension.swift */,
				BD897D4528A166AB003F7B47 /* String+Extension.swift */,
			);
			path = Common;
			sourceTree = "<group>";
		};
		BDDF770A289A757E0096196B /* Data */ = {
			isa = PBXGroup;
			children = (
				BDDF770E289A75C50096196B /* .gitkeep */,
				BDDF7736289AE7EC0096196B /* Media.swift */,
			);
			path = Data;
			sourceTree = "<group>";
		};
		BDDF770B289A759C0096196B /* Network */ = {
			isa = PBXGroup;
			children = (
				BDDF7760289CF5C10096196B /* TrendingService.swift */,
				BDC26ED2289D3C50005C2449 /* MovieService.swift */,
			);
			path = Network;
			sourceTree = "<group>";
		};
		BDDF772E289AD8A60096196B /* Controller */ = {
			isa = PBXGroup;
			children = (
				BDDF7704289A74110096196B /* TrendViewController.swift */,
				BDDF772C289AD8A10096196B /* TrendViewController.storyboard */,
				BDC26ECE289D2F62005C2449 /* TrendCollectionViewDataSource.swift */,
				BDC26ED0289D30A1005C2449 /* TrendCollectionViewDelegate.swift */,
			);
			path = Controller;
			sourceTree = "<group>";
		};
		BDDF772F289AD9320096196B /* Cell */ = {
			isa = PBXGroup;
			children = (
				BDDF7730289AD94C0096196B /* TrendMovieCollectionViewCell.swift */,
				BDDF7731289AD94C0096196B /* TrendMovieCollectionViewCell.xib */,
			);
			path = Cell;
			sourceTree = "<group>";
		};
		BDDF773E289BDA300096196B /* Detail */ = {
			isa = PBXGroup;
			children = (
				BDDF7744289BDD6E0096196B /* Cell */,
				BDDF773F289BDA3B0096196B /* Controller */,
			);
			path = Detail;
			sourceTree = "<group>";
		};
		BDDF773F289BDA3B0096196B /* Controller */ = {
			isa = PBXGroup;
			children = (
				BDDF7740289BDA480096196B /* DetailViewController.storyboard */,
				BDDF7742289BDA540096196B /* DetailViewController.swift */,
				BDDF7749289BDFCC0096196B /* DetailTableViewDataSource.swift */,
				BDDF774B289BE0DB0096196B /* DetailTableViewDelegate.swift */,
			);
			path = Controller;
			sourceTree = "<group>";
		};
		BDDF7744289BDD6E0096196B /* Cell */ = {
			isa = PBXGroup;
			children = (
				BDDF7745289BDD9E0096196B /* PersonCell.swift */,
				BDDF7747289BDDC10096196B /* OverviewCell.swift */,
			);
			path = Cell;
			sourceTree = "<group>";
		};
/* End PBXGroup section */

/* Begin PBXNativeTarget section */
		BDDF76E7289A6E6A0096196B /* MediaSsok */ = {
			isa = PBXNativeTarget;
			buildConfigurationList = BDDF76FC289A6E6C0096196B /* Build configuration list for PBXNativeTarget "MediaSsok" */;
			buildPhases = (
				BDDF76E4289A6E6A0096196B /* Sources */,
				BDDF76E5289A6E6A0096196B /* Frameworks */,
				BDDF76E6289A6E6A0096196B /* Resources */,
			);
			buildRules = (
			);
			dependencies = (
			);
			name = MediaSsok;
			packageProductDependencies = (
				BDDF7713289A770F0096196B /* Alamofire */,
				BDDF7716289A77210096196B /* SwiftyJSON */,
				BDDF7739289AEA8F0096196B /* Kingfisher */,
			);
			productName = MovieSsok;
			productReference = BDDF76E8289A6E6A0096196B /* MediaSsok.app */;
			productType = "com.apple.product-type.application";
		};
/* End PBXNativeTarget section */

/* Begin PBXProject section */
		BDDF76E0289A6E6A0096196B /* Project object */ = {
			isa = PBXProject;
			attributes = {
				BuildIndependentTargetsInParallel = 1;
				LastSwiftUpdateCheck = 1340;
				LastUpgradeCheck = 1340;
				TargetAttributes = {
					BDDF76E7289A6E6A0096196B = {
						CreatedOnToolsVersion = 13.4.1;
					};
				};
			};
			buildConfigurationList = BDDF76E3289A6E6A0096196B /* Build configuration list for PBXProject "MediaSsok" */;
			compatibilityVersion = "Xcode 13.0";
			developmentRegion = en;
			hasScannedForEncodings = 0;
			knownRegions = (
				en,
				Base,
			);
			mainGroup = BDDF76DF289A6E6A0096196B;
			packageReferences = (
				BDDF7712289A770F0096196B /* XCRemoteSwiftPackageReference "Alamofire" */,
				BDDF7715289A77210096196B /* XCRemoteSwiftPackageReference "SwiftyJSON" */,
				BDDF7738289AEA8F0096196B /* XCRemoteSwiftPackageReference "Kingfisher" */,
			);
			productRefGroup = BDDF76E9289A6E6A0096196B /* Products */;
			projectDirPath = "";
			projectRoot = "";
			targets = (
				BDDF76E7289A6E6A0096196B /* MediaSsok */,
			);
		};
/* End PBXProject section */

/* Begin PBXResourcesBuildPhase section */
		BDDF76E6289A6E6A0096196B /* Resources */ = {
			isa = PBXResourcesBuildPhase;
			buildActionMask = 2147483647;
			files = (
				BDDF76F8289A6E6C0096196B /* LaunchScreen.storyboard in Resources */,
				BDAA91C928A2934600CB3848 /* MediaCollectionViewCell.xib in Resources */,
				BDAA91CF28A2938000CB3848 /* MediaSectionTableViewCell.xib in Resources */,
				BDDF7733289AD94C0096196B /* TrendMovieCollectionViewCell.xib in Resources */,
				BDDF772D289AD8A10096196B /* TrendViewController.storyboard in Resources */,
				BD897D3D28A15595003F7B47 /* VideoViewController.storyboard in Resources */,
				BDAA91BB28A2918A00CB3848 /* HomeViewController.storyboard in Resources */,
				BDAA91C528A2922600CB3848 /* MainBannerView.xib in Resources */,
				BDDF76F5289A6E6C0096196B /* Assets.xcassets in Resources */,
				BDDF7741289BDA480096196B /* DetailViewController.storyboard in Resources */,
				BDDF76F3289A6E6A0096196B /* Main.storyboard in Resources */,
			);
			runOnlyForDeploymentPostprocessing = 0;
		};
/* End PBXResourcesBuildPhase section */

/* Begin PBXSourcesBuildPhase section */
		BDDF76E4289A6E6A0096196B /* Sources */ = {
			isa = PBXSourcesBuildPhase;
			buildActionMask = 2147483647;
			files = (
				BD18AC96289CFC1900A1FEE4 /* TrendingService.swift in Sources */,
				BD897D4628A166AB003F7B47 /* String+Extension.swift in Sources */,
				BDC26ED1289D30A1005C2449 /* TrendCollectionViewDelegate.swift in Sources */,
				BD897D3F28A155B4003F7B47 /* VideoViewController.swift in Sources */,
				BDAA91CE28A2938000CB3848 /* MediaSectionTableViewCell.swift in Sources */,
				BDAA91C328A2921E00CB3848 /* MainBannerView.swift in Sources */,
				BDDF76EC289A6E6A0096196B /* AppDelegate.swift in Sources */,
				BDDF771C289A7FD80096196B /* Keys.swift in Sources */,
				BDAA91C828A2934600CB3848 /* MediaCollectionViewCell.swift in Sources */,
				BD897D4428A16684003F7B47 /* Date+Extension.swift in Sources */,
				BDAA91B928A2917A00CB3848 /* HomeViewController.swift in Sources */,
				BDDF7748289BDDC10096196B /* OverviewCell.swift in Sources */,
				BDDF7737289AE7EC0096196B /* Media.swift in Sources */,
				BDDF7746289BDD9E0096196B /* PersonCell.swift in Sources */,
				BD897D4228A16619003F7B47 /* DateFormatType.swift in Sources */,
				BDDF775F289CF0C20096196B /* URL.swift in Sources */,
				BDDF774C289BE0DB0096196B /* DetailTableViewDelegate.swift in Sources */,
				BDDF7732289AD94C0096196B /* TrendMovieCollectionViewCell.swift in Sources */,
				BDC26ECF289D2F62005C2449 /* TrendCollectionViewDataSource.swift in Sources */,
				BDDF774A289BDFCC0096196B /* DetailTableViewDataSource.swift in Sources */,
				BDC26ED3289D3C50005C2449 /* MovieService.swift in Sources */,
				BDDF7705289A74110096196B /* TrendViewController.swift in Sources */,
				BDDF76EE289A6E6A0096196B /* SceneDelegate.swift in Sources */,
				BDDF7735289AE5C40096196B /* Constants.swift in Sources */,
				BDDF7743289BDA540096196B /* DetailViewController.swift in Sources */,
			);
			runOnlyForDeploymentPostprocessing = 0;
		};
/* End PBXSourcesBuildPhase section */

/* Begin PBXVariantGroup section */
		BDDF76F1289A6E6A0096196B /* Main.storyboard */ = {
			isa = PBXVariantGroup;
			children = (
				BDDF76F2289A6E6A0096196B /* Base */,
			);
			name = Main.storyboard;
			sourceTree = "<group>";
		};
		BDDF76F6289A6E6C0096196B /* LaunchScreen.storyboard */ = {
			isa = PBXVariantGroup;
			children = (
				BDDF76F7289A6E6C0096196B /* Base */,
			);
			name = LaunchScreen.storyboard;
			sourceTree = "<group>";
		};
/* End PBXVariantGroup section */

/* Begin XCBuildConfiguration section */
		BDDF76FA289A6E6C0096196B /* Debug */ = {
			isa = XCBuildConfiguration;
			buildSettings = {
				ALWAYS_SEARCH_USER_PATHS = NO;
				CLANG_ANALYZER_NONNULL = YES;
				CLANG_ANALYZER_NUMBER_OBJECT_CONVERSION = YES_AGGRESSIVE;
				CLANG_CXX_LANGUAGE_STANDARD = "gnu++17";
				CLANG_ENABLE_MODULES = YES;
				CLANG_ENABLE_OBJC_ARC = YES;
				CLANG_ENABLE_OBJC_WEAK = YES;
				CLANG_WARN_BLOCK_CAPTURE_AUTORELEASING = YES;
				CLANG_WARN_BOOL_CONVERSION = YES;
				CLANG_WARN_COMMA = YES;
				CLANG_WARN_CONSTANT_CONVERSION = YES;
				CLANG_WARN_DEPRECATED_OBJC_IMPLEMENTATIONS = YES;
				CLANG_WARN_DIRECT_OBJC_ISA_USAGE = YES_ERROR;
				CLANG_WARN_DOCUMENTATION_COMMENTS = YES;
				CLANG_WARN_EMPTY_BODY = YES;
				CLANG_WARN_ENUM_CONVERSION = YES;
				CLANG_WARN_INFINITE_RECURSION = YES;
				CLANG_WARN_INT_CONVERSION = YES;
				CLANG_WARN_NON_LITERAL_NULL_CONVERSION = YES;
				CLANG_WARN_OBJC_IMPLICIT_RETAIN_SELF = YES;
				CLANG_WARN_OBJC_LITERAL_CONVERSION = YES;
				CLANG_WARN_OBJC_ROOT_CLASS = YES_ERROR;
				CLANG_WARN_QUOTED_INCLUDE_IN_FRAMEWORK_HEADER = YES;
				CLANG_WARN_RANGE_LOOP_ANALYSIS = YES;
				CLANG_WARN_STRICT_PROTOTYPES = YES;
				CLANG_WARN_SUSPICIOUS_MOVE = YES;
				CLANG_WARN_UNGUARDED_AVAILABILITY = YES_AGGRESSIVE;
				CLANG_WARN_UNREACHABLE_CODE = YES;
				CLANG_WARN__DUPLICATE_METHOD_MATCH = YES;
				COPY_PHASE_STRIP = NO;
				DEBUG_INFORMATION_FORMAT = dwarf;
				ENABLE_STRICT_OBJC_MSGSEND = YES;
				ENABLE_TESTABILITY = YES;
				GCC_C_LANGUAGE_STANDARD = gnu11;
				GCC_DYNAMIC_NO_PIC = NO;
				GCC_NO_COMMON_BLOCKS = YES;
				GCC_OPTIMIZATION_LEVEL = 0;
				GCC_PREPROCESSOR_DEFINITIONS = (
					"DEBUG=1",
					"$(inherited)",
				);
				GCC_WARN_64_TO_32_BIT_CONVERSION = YES;
				GCC_WARN_ABOUT_RETURN_TYPE = YES_ERROR;
				GCC_WARN_UNDECLARED_SELECTOR = YES;
				GCC_WARN_UNINITIALIZED_AUTOS = YES_AGGRESSIVE;
				GCC_WARN_UNUSED_FUNCTION = YES;
				GCC_WARN_UNUSED_VARIABLE = YES;
				IPHONEOS_DEPLOYMENT_TARGET = 15.0;
				MTL_ENABLE_DEBUG_INFO = INCLUDE_SOURCE;
				MTL_FAST_MATH = YES;
				ONLY_ACTIVE_ARCH = YES;
				SDKROOT = iphoneos;
				SWIFT_ACTIVE_COMPILATION_CONDITIONS = DEBUG;
				SWIFT_OPTIMIZATION_LEVEL = "-Onone";
			};
			name = Debug;
		};
		BDDF76FB289A6E6C0096196B /* Release */ = {
			isa = XCBuildConfiguration;
			buildSettings = {
				ALWAYS_SEARCH_USER_PATHS = NO;
				CLANG_ANALYZER_NONNULL = YES;
				CLANG_ANALYZER_NUMBER_OBJECT_CONVERSION = YES_AGGRESSIVE;
				CLANG_CXX_LANGUAGE_STANDARD = "gnu++17";
				CLANG_ENABLE_MODULES = YES;
				CLANG_ENABLE_OBJC_ARC = YES;
				CLANG_ENABLE_OBJC_WEAK = YES;
				CLANG_WARN_BLOCK_CAPTURE_AUTORELEASING = YES;
				CLANG_WARN_BOOL_CONVERSION = YES;
				CLANG_WARN_COMMA = YES;
				CLANG_WARN_CONSTANT_CONVERSION = YES;
				CLANG_WARN_DEPRECATED_OBJC_IMPLEMENTATIONS = YES;
				CLANG_WARN_DIRECT_OBJC_ISA_USAGE = YES_ERROR;
				CLANG_WARN_DOCUMENTATION_COMMENTS = YES;
				CLANG_WARN_EMPTY_BODY = YES;
				CLANG_WARN_ENUM_CONVERSION = YES;
				CLANG_WARN_INFINITE_RECURSION = YES;
				CLANG_WARN_INT_CONVERSION = YES;
				CLANG_WARN_NON_LITERAL_NULL_CONVERSION = YES;
				CLANG_WARN_OBJC_IMPLICIT_RETAIN_SELF = YES;
				CLANG_WARN_OBJC_LITERAL_CONVERSION = YES;
				CLANG_WARN_OBJC_ROOT_CLASS = YES_ERROR;
				CLANG_WARN_QUOTED_INCLUDE_IN_FRAMEWORK_HEADER = YES;
				CLANG_WARN_RANGE_LOOP_ANALYSIS = YES;
				CLANG_WARN_STRICT_PROTOTYPES = YES;
				CLANG_WARN_SUSPICIOUS_MOVE = YES;
				CLANG_WARN_UNGUARDED_AVAILABILITY = YES_AGGRESSIVE;
				CLANG_WARN_UNREACHABLE_CODE = YES;
				CLANG_WARN__DUPLICATE_METHOD_MATCH = YES;
				COPY_PHASE_STRIP = NO;
				DEBUG_INFORMATION_FORMAT = "dwarf-with-dsym";
				ENABLE_NS_ASSERTIONS = NO;
				ENABLE_STRICT_OBJC_MSGSEND = YES;
				GCC_C_LANGUAGE_STANDARD = gnu11;
				GCC_NO_COMMON_BLOCKS = YES;
				GCC_WARN_64_TO_32_BIT_CONVERSION = YES;
				GCC_WARN_ABOUT_RETURN_TYPE = YES_ERROR;
				GCC_WARN_UNDECLARED_SELECTOR = YES;
				GCC_WARN_UNINITIALIZED_AUTOS = YES_AGGRESSIVE;
				GCC_WARN_UNUSED_FUNCTION = YES;
				GCC_WARN_UNUSED_VARIABLE = YES;
				IPHONEOS_DEPLOYMENT_TARGET = 15.0;
				MTL_ENABLE_DEBUG_INFO = NO;
				MTL_FAST_MATH = YES;
				SDKROOT = iphoneos;
				SWIFT_COMPILATION_MODE = wholemodule;
				SWIFT_OPTIMIZATION_LEVEL = "-O";
				VALIDATE_PRODUCT = YES;
			};
			name = Release;
		};
		BDDF76FD289A6E6C0096196B /* Debug */ = {
			isa = XCBuildConfiguration;
			baseConfigurationReference = BDDF771A289A7CFC0096196B /* Secrets.xcconfig */;
			buildSettings = {
				ASSETCATALOG_COMPILER_APPICON_NAME = AppIcon;
				ASSETCATALOG_COMPILER_GLOBAL_ACCENT_COLOR_NAME = AccentColor;
				CODE_SIGN_STYLE = Automatic;
				CURRENT_PROJECT_VERSION = 1;
				GENERATE_INFOPLIST_FILE = YES;
				INFOPLIST_FILE = MediaSsok/Configuration/Info.plist;
				INFOPLIST_KEY_UIApplicationSupportsIndirectInputEvents = YES;
				INFOPLIST_KEY_UILaunchStoryboardName = LaunchScreen;
				INFOPLIST_KEY_UIMainStoryboardFile = Main;
				INFOPLIST_KEY_UISupportedInterfaceOrientations = UIInterfaceOrientationPortrait;
				INFOPLIST_KEY_UISupportedInterfaceOrientations_iPad = "UIInterfaceOrientationPortrait UIInterfaceOrientationPortraitUpsideDown UIInterfaceOrientationLandscapeLeft UIInterfaceOrientationLandscapeRight";
				INFOPLIST_KEY_UISupportedInterfaceOrientations_iPhone = UIInterfaceOrientationPortrait;
				LD_RUNPATH_SEARCH_PATHS = (
					"$(inherited)",
					"@executable_path/Frameworks",
				);
				MARKETING_VERSION = 1.0;
				PRODUCT_BUNDLE_IDENTIFIER = com.taekki.MediaSsok;
				PRODUCT_NAME = "$(TARGET_NAME)";
				SWIFT_EMIT_LOC_STRINGS = YES;
				SWIFT_VERSION = 5.0;
				TARGETED_DEVICE_FAMILY = 1;
			};
			name = Debug;
		};
		BDDF76FE289A6E6C0096196B /* Release */ = {
			isa = XCBuildConfiguration;
			baseConfigurationReference = BDDF771A289A7CFC0096196B /* Secrets.xcconfig */;
			buildSettings = {
				ASSETCATALOG_COMPILER_APPICON_NAME = AppIcon;
				ASSETCATALOG_COMPILER_GLOBAL_ACCENT_COLOR_NAME = AccentColor;
				CODE_SIGN_STYLE = Automatic;
				CURRENT_PROJECT_VERSION = 1;
				GENERATE_INFOPLIST_FILE = YES;
				INFOPLIST_FILE = MediaSsok/Configuration/Info.plist;
				INFOPLIST_KEY_UIApplicationSupportsIndirectInputEvents = YES;
				INFOPLIST_KEY_UILaunchStoryboardName = LaunchScreen;
				INFOPLIST_KEY_UIMainStoryboardFile = Main;
				INFOPLIST_KEY_UISupportedInterfaceOrientations = UIInterfaceOrientationPortrait;
				INFOPLIST_KEY_UISupportedInterfaceOrientations_iPad = "UIInterfaceOrientationPortrait UIInterfaceOrientationPortraitUpsideDown UIInterfaceOrientationLandscapeLeft UIInterfaceOrientationLandscapeRight";
				INFOPLIST_KEY_UISupportedInterfaceOrientations_iPhone = UIInterfaceOrientationPortrait;
				LD_RUNPATH_SEARCH_PATHS = (
					"$(inherited)",
					"@executable_path/Frameworks",
				);
				MARKETING_VERSION = 1.0;
				PRODUCT_BUNDLE_IDENTIFIER = com.taekki.MediaSsok;
				PRODUCT_NAME = "$(TARGET_NAME)";
				SWIFT_EMIT_LOC_STRINGS = YES;
				SWIFT_VERSION = 5.0;
				TARGETED_DEVICE_FAMILY = 1;
			};
			name = Release;
		};
/* End XCBuildConfiguration section */

/* Begin XCConfigurationList section */
		BDDF76E3289A6E6A0096196B /* Build configuration list for PBXProject "MediaSsok" */ = {
			isa = XCConfigurationList;
			buildConfigurations = (
				BDDF76FA289A6E6C0096196B /* Debug */,
				BDDF76FB289A6E6C0096196B /* Release */,
			);
			defaultConfigurationIsVisible = 0;
			defaultConfigurationName = Release;
		};
		BDDF76FC289A6E6C0096196B /* Build configuration list for PBXNativeTarget "MediaSsok" */ = {
			isa = XCConfigurationList;
			buildConfigurations = (
				BDDF76FD289A6E6C0096196B /* Debug */,
				BDDF76FE289A6E6C0096196B /* Release */,
			);
			defaultConfigurationIsVisible = 0;
			defaultConfigurationName = Release;
		};
/* End XCConfigurationList section */

/* Begin XCRemoteSwiftPackageReference section */
		BDDF7712289A770F0096196B /* XCRemoteSwiftPackageReference "Alamofire" */ = {
			isa = XCRemoteSwiftPackageReference;
			repositoryURL = "https://github.com/Alamofire/Alamofire";
			requirement = {
				kind = upToNextMajorVersion;
				minimumVersion = 5.0.0;
			};
		};
		BDDF7715289A77210096196B /* XCRemoteSwiftPackageReference "SwiftyJSON" */ = {
			isa = XCRemoteSwiftPackageReference;
			repositoryURL = "https://github.com/SwiftyJSON/SwiftyJSON";
			requirement = {
				kind = upToNextMajorVersion;
				minimumVersion = 5.0.0;
			};
		};
		BDDF7738289AEA8F0096196B /* XCRemoteSwiftPackageReference "Kingfisher" */ = {
			isa = XCRemoteSwiftPackageReference;
			repositoryURL = "https://github.com/onevcat/Kingfisher.git";
			requirement = {
				kind = upToNextMajorVersion;
				minimumVersion = 7.0.0;
			};
		};
/* End XCRemoteSwiftPackageReference section */

/* Begin XCSwiftPackageProductDependency section */
		BDDF7713289A770F0096196B /* Alamofire */ = {
			isa = XCSwiftPackageProductDependency;
			package = BDDF7712289A770F0096196B /* XCRemoteSwiftPackageReference "Alamofire" */;
			productName = Alamofire;
		};
		BDDF7716289A77210096196B /* SwiftyJSON */ = {
			isa = XCSwiftPackageProductDependency;
			package = BDDF7715289A77210096196B /* XCRemoteSwiftPackageReference "SwiftyJSON" */;
			productName = SwiftyJSON;
		};
		BDDF7739289AEA8F0096196B /* Kingfisher */ = {
			isa = XCSwiftPackageProductDependency;
			package = BDDF7738289AEA8F0096196B /* XCRemoteSwiftPackageReference "Kingfisher" */;
			productName = Kingfisher;
		};
/* End XCSwiftPackageProductDependency section */
	};
	rootObject = BDDF76E0289A6E6A0096196B /* Project object */;
}
